{
  "name": "DatenMeister.Reports.Forms",
  "lockfileVersion": 2,
  "requires": true,
  "packages": {
    "": {
      "devDependencies": {
        "@types/chai": "^4.3.11",
        "@types/jquery": "^3.5.29",
        "@types/mocha": "^10.0.6"
      }
    },
    "node_modules/@types/chai": {
      "version": "4.3.14",
      "resolved": "https://registry.npmjs.org/@types/chai/-/chai-4.3.14.tgz",
      "integrity": "sha512-Wj71sXE4Q4AkGdG9Tvq1u/fquNz9EdG4LIJMwVVII7ashjD/8cf8fyIfJAjRr6YcsXnSE8cOGQPq1gqeR8z+3w==",
      "dev": true
    },
    "node_modules/@types/jquery": {
      "version": "3.5.29",
      "resolved": "https://registry.npmjs.org/@types/jquery/-/jquery-3.5.29.tgz",
      "integrity": "sha512-oXQQC9X9MOPRrMhPHHOsXqeQDnWeCDT3PelUIg/Oy8FAbzSZtFHRjc7IpbfFVmpLtJ+UOoywpRsuO5Jxjybyeg==",
      "dev": true,
      "dependencies": {
        "@types/sizzle": "*"
      }
    },
    "node_modules/@types/mocha": {
      "version": "10.0.6",
      "resolved": "https://registry.npmjs.org/@types/mocha/-/mocha-10.0.6.tgz",
      "integrity": "sha512-dJvrYWxP/UcXm36Qn36fxhUKu8A/xMRXVT2cliFF1Z7UA9liG5Psj3ezNSZw+5puH2czDXRLcXQxf8JbJt0ejg==",
      "dev": true
    },
    "node_modules/@types/sizzle": {
      "version": "2.3.8",
      "resolved": "https://registry.npmjs.org/@types/sizzle/-/sizzle-2.3.8.tgz",
      "integrity": "sha512-0vWLNK2D5MT9dg0iOo8GlKguPAU02QjmZitPEsXRuJXU/OGIOt9vT9Fc26wtYuavLxtO45v9PGleoL9Z0k1LHg==",
      "dev": true
    }
  },
  "dependencies": {
    "@types/chai": {
      "version": "4.3.14",
      "resolved": "https://registry.npmjs.org/@types/chai/-/chai-4.3.14.tgz",
      "integrity": "sha512-Wj71sXE4Q4AkGdG9Tvq1u/fquNz9EdG4LIJMwVVII7ashjD/8cf8fyIfJAjRr6YcsXnSE8cOGQPq1gqeR8z+3w==",
      "dev": true
    },
    "@types/jquery": {
      "version": "3.5.29",
      "resolved": "https://registry.npmjs.org/@types/jquery/-/jquery-3.5.29.tgz",
      "integrity": "sha512-oXQQC9X9MOPRrMhPHHOsXqeQDnWeCDT3PelUIg/Oy8FAbzSZtFHRjc7IpbfFVmpLtJ+UOoywpRsuO5Jxjybyeg==",
      "dev": true,
      "requires": {
        "@types/sizzle": "*"
      }
    },
    "@types/mocha": {
      "version": "10.0.6",
      "resolved": "https://registry.npmjs.org/@types/mocha/-/mocha-10.0.6.tgz",
      "integrity": "sha512-dJvrYWxP/UcXm36Qn36fxhUKu8A/xMRXVT2cliFF1Z7UA9liG5Psj3ezNSZw+5puH2czDXRLcXQxf8JbJt0ejg==",
      "dev": true
    },
    "@types/sizzle": {
      "version": "2.3.8",
      "resolved": "https://registry.npmjs.org/@types/sizzle/-/sizzle-2.3.8.tgz",
      "integrity": "sha512-0vWLNK2D5MT9dg0iOo8GlKguPAU02QjmZitPEsXRuJXU/OGIOt9vT9Fc26wtYuavLxtO45v9PGleoL9Z0k1LHg==",
      "dev": true
    }
  }
}
