
Microsoft Visual Studio Solution File, Format Version 12.00
# Visual Studio 14
VisualStudioVersion = 14.0.23107.0
MinimumVisualStudioVersion = 10.0.40219.1
Project("{FAE04EC0-301F-11D3-BF4B-00C04F79EFBC}") = "DatenMeister", "DatenMeister\DatenMeister.csproj", "{67F8BCA3-8438-4E91-9DEA-4189C1776E26}"
EndProject
Project("{FAE04EC0-301F-11D3-BF4B-00C04F79EFBC}") = "DatenMeister.Tests.Console", "DatenMeister.Tests.Console\DatenMeister.Tests.Console.csproj", "{92C8A98F-FC99-4301-BCB8-90CDB74B49CF}"
EndProject
Project("{FAE04EC0-301F-11D3-BF4B-00C04F79EFBC}") = "DatenMeister.Tests", "DatenMeister.Tests\DatenMeister.Tests.csproj", "{20B36121-B027-4BAC-BBF5-93E75380E6F7}"
EndProject
Project("{FAE04EC0-301F-11D3-BF4B-00C04F79EFBC}") = "DatenMeister.CSV", "DatenMeister.CSV\DatenMeister.CSV.csproj", "{39845115-F057-4641-9237-6960BB676684}"
EndProject
Project("{FAE04EC0-301F-11D3-BF4B-00C04F79EFBC}") = "DatenMeister.SourcecodeGenerator", "DatenMeister.SourcecodeGenerator\DatenMeister.SourcecodeGenerator.csproj", "{2AAE5839-DB41-429B-B7C4-B872506736C7}"
EndProject
Project("{FAE04EC0-301F-11D3-BF4B-00C04F79EFBC}") = "DatenMeister.XMI", "DatenMeister.XMI\DatenMeister.XMI.csproj", "{E44275C2-9E62-42BE-B984-127F82C1766F}"
EndProject
Global
	GlobalSection(SolutionConfigurationPlatforms) = preSolution
		Debug|Any CPU = Debug|Any CPU
		Release|Any CPU = Release|Any CPU
	EndGlobalSection
	GlobalSection(ProjectConfigurationPlatforms) = postSolution
		{67F8BCA3-8438-4E91-9DEA-4189C1776E26}.Debug|Any CPU.ActiveCfg = Debug|Any CPU
		{67F8BCA3-8438-4E91-9DEA-4189C1776E26}.Debug|Any CPU.Build.0 = Debug|Any CPU
		{67F8BCA3-8438-4E91-9DEA-4189C1776E26}.Release|Any CPU.ActiveCfg = Release|Any CPU
		{67F8BCA3-8438-4E91-9DEA-4189C1776E26}.Release|Any CPU.Build.0 = Release|Any CPU
		{92C8A98F-FC99-4301-BCB8-90CDB74B49CF}.Debug|Any CPU.ActiveCfg = Debug|Any CPU
		{92C8A98F-FC99-4301-BCB8-90CDB74B49CF}.Debug|Any CPU.Build.0 = Debug|Any CPU
		{92C8A98F-FC99-4301-BCB8-90CDB74B49CF}.Release|Any CPU.ActiveCfg = Release|Any CPU
		{92C8A98F-FC99-4301-BCB8-90CDB74B49CF}.Release|Any CPU.Build.0 = Release|Any CPU
		{20B36121-B027-4BAC-BBF5-93E75380E6F7}.Debug|Any CPU.ActiveCfg = Debug|Any CPU
		{20B36121-B027-4BAC-BBF5-93E75380E6F7}.Debug|Any CPU.Build.0 = Debug|Any CPU
		{20B36121-B027-4BAC-BBF5-93E75380E6F7}.Release|Any CPU.ActiveCfg = Release|Any CPU
		{20B36121-B027-4BAC-BBF5-93E75380E6F7}.Release|Any CPU.Build.0 = Release|Any CPU
		{39845115-F057-4641-9237-6960BB676684}.Debug|Any CPU.ActiveCfg = Debug|Any CPU
		{39845115-F057-4641-9237-6960BB676684}.Debug|Any CPU.Build.0 = Debug|Any CPU
		{39845115-F057-4641-9237-6960BB676684}.Release|Any CPU.ActiveCfg = Release|Any CPU
		{39845115-F057-4641-9237-6960BB676684}.Release|Any CPU.Build.0 = Release|Any CPU
		{2AAE5839-DB41-429B-B7C4-B872506736C7}.Debug|Any CPU.ActiveCfg = Debug|Any CPU
		{2AAE5839-DB41-429B-B7C4-B872506736C7}.Debug|Any CPU.Build.0 = Debug|Any CPU
		{2AAE5839-DB41-429B-B7C4-B872506736C7}.Release|Any CPU.ActiveCfg = Release|Any CPU
		{2AAE5839-DB41-429B-B7C4-B872506736C7}.Release|Any CPU.Build.0 = Release|Any CPU
		{E44275C2-9E62-42BE-B984-127F82C1766F}.Debug|Any CPU.ActiveCfg = Debug|Any CPU
		{E44275C2-9E62-42BE-B984-127F82C1766F}.Debug|Any CPU.Build.0 = Debug|Any CPU
		{E44275C2-9E62-42BE-B984-127F82C1766F}.Release|Any CPU.ActiveCfg = Release|Any CPU
		{E44275C2-9E62-42BE-B984-127F82C1766F}.Release|Any CPU.Build.0 = Release|Any CPU
	EndGlobalSection
	GlobalSection(SolutionProperties) = preSolution
		HideSolutionNode = FALSE
	EndGlobalSection
EndGlobal
