
Microsoft Visual Studio Solution File, Format Version 12.00
# Visual Studio Version 17
VisualStudioVersion = 17.0.31903.59
MinimumVisualStudioVersion = 15.0.26124.0
Project("{2150E333-8FDC-42A3-9474-1A3956D46DE8}") = "Applications", "Applications", "{6D336344-E680-4130-8495-0D31D4A82105}"
EndProject
Project("{9A19103F-16F7-4668-BE54-9A1E7A4F7556}") = "DatenMeister.Excel", "DatenMeister.Excel\DatenMeister.Excel.csproj", "{9026F9A3-C366-43DA-ABAD-8CC94A3E793F}"
EndProject
Project("{2150E333-8FDC-42A3-9474-1A3956D46DE8}") = "Tools", "Tools", "{37A8AD7E-E32B-4393-942F-2EE733F3F818}"
EndProject
Project("{9A19103F-16F7-4668-BE54-9A1E7A4F7556}") = "DatenMeister.SourceGeneration.Console", "DatenMeister.SourceGeneration.Console\DatenMeister.SourceGeneration.Console.csproj", "{40FE2013-5DBA-4290-A497-3FDA26CB134F}"
EndProject
Project("{2150E333-8FDC-42A3-9474-1A3956D46DE8}") = "Tests", "Tests", "{42691CE7-A35B-42C8-808B-7404528A4014}"
EndProject
Project("{9A19103F-16F7-4668-BE54-9A1E7A4F7556}") = "DatenMeister.Tests", "Tests\DatenMeister.Tests\DatenMeister.Tests.csproj", "{39F63BEF-AF5E-4C02-B35D-534DF6AF3E04}"
EndProject
Project("{9A19103F-16F7-4668-BE54-9A1E7A4F7556}") = "DatenMeisterWPF", "DatenMeisterWPF\DatenMeisterWPF.csproj", "{A2E5712E-E3F5-4FD9-B6EF-E1B44B7CC300}"
EndProject
Project("{2150E333-8FDC-42A3-9474-1A3956D46DE8}") = "Library - WPF", "Library - WPF", "{50126D29-BEBA-426F-992D-6215936A4100}"
EndProject
Project("{9A19103F-16F7-4668-BE54-9A1E7A4F7556}") = "DatenMeister.WPF", "DatenMeister.WPF\DatenMeister.WPF.csproj", "{D4696DF0-4FB2-494A-9541-6B993DF77798}"
EndProject
Project("{9A19103F-16F7-4668-BE54-9A1E7A4F7556}") = "StundenMeister", "Apps\StundenMeister\StundenMeister.csproj", "{88FFF1F8-36E1-4923-AE58-FDB002E73702}"
EndProject
Project("{9A19103F-16F7-4668-BE54-9A1E7A4F7556}") = "StundenMeister.Tests", "Apps\StundenMeister.Tests\StundenMeister.Tests.csproj", "{18F0E058-EBCC-4E6A-9E8E-E94A8304453C}"
EndProject
Project("{9A19103F-16F7-4668-BE54-9A1E7A4F7556}") = "IssueMeisterLib", "Apps\IssueMeister\IssueMeisterLib\IssueMeisterLib.csproj", "{263E74EC-019D-47FB-A653-362F84CCDE5D}"
EndProject
Project("{9A19103F-16F7-4668-BE54-9A1E7A4F7556}") = "ScriptTests", "Tests\ScriptTests\ScriptTests.csproj", "{581A5C15-979B-4EE9-9548-F55AD8F9EBBC}"
EndProject
Project("{2150E333-8FDC-42A3-9474-1A3956D46DE8}") = "Library - .Net Standard", "Library - .Net Standard", "{3E364967-6E40-45BA-B2FF-39431F4461F2}"
EndProject
Project("{9A19103F-16F7-4668-BE54-9A1E7A4F7556}") = "DatenMeister.Benchmark", "Tests\DatenMeister.Benchmark\DatenMeister.Benchmark.csproj", "{EC757E7B-C6F7-4BD0-88D2-F647CCF9E1E2}"
EndProject
Project("{2150E333-8FDC-42A3-9474-1A3956D46DE8}") = "Web", "Web", "{2220B5AA-D22E-469B-96B7-BB70BF58BAD6}"
EndProject
Project("{9A19103F-16F7-4668-BE54-9A1E7A4F7556}") = "DatenMeister.WebServer", "Web\DatenMeister.WebServer\DatenMeister.WebServer.csproj", "{A75C6B0F-2021-496B-A752-D0197FC6D693}"
EndProject
Project("{9A19103F-16F7-4668-BE54-9A1E7A4F7556}") = "ZipCodeWebsite", "Web\ZipCodeWebsite\ZipCodeWebsite.csproj", "{EB91A8A4-69E0-4788-9D40-C8806646630C}"
EndProject
Project("{9A19103F-16F7-4668-BE54-9A1E7A4F7556}") = "ZipCodeWebAssembly", "Web\ZipCodeWebAssembly\ZipCodeWebAssembly.csproj", "{2EBBF615-3C6D-491E-92F4-CC012BBF38F2}"
EndProject
Project("{2150E333-8FDC-42A3-9474-1A3956D46DE8}") = "ZipCode", "ZipCode", "{4CC054A1-C725-45C0-A6B2-8AFE443A1D6D}"
EndProject
Project("{9A19103F-16F7-4668-BE54-9A1E7A4F7556}") = "ZipCodeLibrary", "Web\ZipCodeLibrary\ZipCodeLibrary.csproj", "{764F9862-140D-45CC-AC0B-5E0679D5747D}"
EndProject
Project("{2150E333-8FDC-42A3-9474-1A3956D46DE8}") = "DatenMeisterWeb", "DatenMeisterWeb", "{C4E4C189-9C01-405F-8C5C-C0EF7E061BEB}"
EndProject
Project("{9A19103F-16F7-4668-BE54-9A1E7A4F7556}") = "DatenMeister.SourcecodeGenerator", "DatenMeister.SourcecodeGenerator\DatenMeister.SourcecodeGenerator.csproj", "{9CB2BC8E-9910-4B8C-BA82-0ADAD8748CD5}"
EndProject
Project("{9A19103F-16F7-4668-BE54-9A1E7A4F7556}") = "DatenMeister.Integration.DotNet", "DatenMeister.Integration.DotNet\DatenMeister.Integration.DotNet.csproj", "{79B3D02A-BFED-48FE-897C-9A000BAE3DD3}"
EndProject
Project("{9A19103F-16F7-4668-BE54-9A1E7A4F7556}") = "DatenMeister.WebServer.Library", "Web\DatenMeister.WebServer.Library\DatenMeister.WebServer.Library.csproj", "{1332B714-907D-4F32-BD75-0946F0EF7309}"
EndProject
Project("{9A19103F-16F7-4668-BE54-9A1E7A4F7556}") = "DatenMeister.DependencyInjection", "DatenMeister.DependencyInjection\DatenMeister.DependencyInjection.csproj", "{9A56103E-7CCA-4E6F-9AAB-1CB53DFDCA6A}"
EndProject
Project("{9A19103F-16F7-4668-BE54-9A1E7A4F7556}") = "DatenMeister.Core", "DatenMeister.Core\DatenMeister.Core.csproj", "{8481C54C-3A7B-4FE3-938D-646DC3DE6F0E}"
EndProject
Project("{9A19103F-16F7-4668-BE54-9A1E7A4F7556}") = "DatenMeister.Provider.CSV", "DatenMeister.Provider.CSV\DatenMeister.Provider.CSV.csproj", "{806E409E-8D40-401A-B0AF-93DA65E5ADEA}"
EndProject
Project("{9A19103F-16F7-4668-BE54-9A1E7A4F7556}") = "DatenMeister.Plugins", "DatenMeister.Plugins\DatenMeister.Plugins.csproj", "{947F91D6-4F12-49FF-8754-70C9B5817873}"
EndProject
Project("{9A19103F-16F7-4668-BE54-9A1E7A4F7556}") = "DatenMeister.Extent.Manager", "DatenMeister.Extent.Manager\DatenMeister.Extent.Manager.csproj", "{A4F718D3-B63A-42F7-AB26-E00ADE682EE5}"
EndProject
Project("{9A19103F-16F7-4668-BE54-9A1E7A4F7556}") = "DatenMeister.Locking", "DatenMeister.Locking\DatenMeister.Locking.csproj", "{E09F4720-2E23-4738-ADC2-FBC8E1171CA3}"
EndProject
Project("{9A19103F-16F7-4668-BE54-9A1E7A4F7556}") = "DatenMeister.Validators", "DatenMeister.Validators\DatenMeister.Validators.csproj", "{D777FB11-E655-40BD-8111-1D2BDEDE06BA}"
EndProject
Project("{9A19103F-16F7-4668-BE54-9A1E7A4F7556}") = "DatenMeister.Modules.ZipCodeExample", "DatenMeister.Modules.ZipCodeExample\DatenMeister.Modules.ZipCodeExample.csproj", "{BBEC58DC-0529-4E12-B85F-C191D9985B7C}"
EndProject
Project("{9A19103F-16F7-4668-BE54-9A1E7A4F7556}") = "DatenMeister.Types", "DatenMeister.Types\DatenMeister.Types.csproj", "{33DECDC1-5268-4F41-844F-669C3629A05E}"
EndProject
Project("{9A19103F-16F7-4668-BE54-9A1E7A4F7556}") = "DatenMeister.HtmlEngine", "DatenMeister.HtmlEngine\DatenMeister.HtmlEngine.csproj", "{AA44BAEF-0BC7-446B-95AC-BA538E0B0EE1}"
EndProject
Project("{9A19103F-16F7-4668-BE54-9A1E7A4F7556}") = "DatenMeister.Extent.Forms", "DatenMeister.Extent.Forms\DatenMeister.Extent.Forms.csproj", "{3F16251E-7E73-4C8A-B951-609FA4C2A098}"
EndProject
Project("{9A19103F-16F7-4668-BE54-9A1E7A4F7556}") = "DatenMeister.Forms", "DatenMeister.Forms\DatenMeister.Forms.csproj", "{9C25937F-480E-4077-9CFB-845F4CF869B6}"
EndProject
Project("{2150E333-8FDC-42A3-9474-1A3956D46DE8}") = "Solution Items", "Solution Items", "{FFD7C9B0-8B86-4ACF-919F-406442380F5C}"
	ProjectSection(SolutionItems) = preProject
		.editorconfig = .editorconfig
	EndProjectSection
EndProject
Project("{9A19103F-16F7-4668-BE54-9A1E7A4F7556}") = "DatenMeister.Html", "DatenMeister.Html\DatenMeister.Html.csproj", "{93D50213-207A-402B-9B28-0CE3EE88473D}"
EndProject
Project("{9A19103F-16F7-4668-BE54-9A1E7A4F7556}") = "DatenMeister.Reports", "DatenMeister.Reports\DatenMeister.Reports.csproj", "{340E6B3C-E2DC-4753-A661-CE12A98114E0}"
EndProject
Project("{9A19103F-16F7-4668-BE54-9A1E7A4F7556}") = "DatenMeister.Core.Extensions", "DatenMeister.Core.Extensions\DatenMeister.Core.Extensions.csproj", "{042FA7A1-E3FE-4AB1-906B-2CCB375B635B}"
EndProject
Project("{9A19103F-16F7-4668-BE54-9A1E7A4F7556}") = "DatenMeister.TextTemplates", "DatenMeister.TextTemplates\DatenMeister.TextTemplates.csproj", "{B1C0E1B3-E5D1-4A63-8D7C-C0FA963C54BD}"
EndProject
Project("{9A19103F-16F7-4668-BE54-9A1E7A4F7556}") = "DatenMeister.Tests.Web", "Tests\DatenMeister.Tests.Web\DatenMeister.Tests.Web.csproj", "{A53D4460-E1E3-42FE-AD83-BCB970555A5D}"
EndProject
Project("{9A19103F-16F7-4668-BE54-9A1E7A4F7556}") = "DatenMeister.Web.Json", "Web\DatenMeister.Web.Json\DatenMeister.Web.Json.csproj", "{D29D993F-2FB4-408D-B3E6-26A2D1BF0D90}"
EndProject
Project("{9A19103F-16F7-4668-BE54-9A1E7A4F7556}") = "DatenMeister.BootStrap", "DatenMeister.BootStrap\DatenMeister.BootStrap.csproj", "{1A1C39EE-FA25-49CA-BB3C-D71D9E4C71FF}"
EndProject
Project("{9A19103F-16F7-4668-BE54-9A1E7A4F7556}") = "DatenMeister.FastViewFilter", "DatenMeister.FastViewFilter\DatenMeister.FastViewFilter.csproj", "{9C2FF59F-8762-4278-8BCB-28CFE0B2B85B}"
EndProject
Project("{9A19103F-16F7-4668-BE54-9A1E7A4F7556}") = "DatenMeister.Provider.NumberProvider", "DatenMeister.Provider.NumberProvider\DatenMeister.Provider.NumberProvider.csproj", "{8A9684FE-F288-4AFD-AF4C-755A84B5F1BC}"
EndProject
Project("{9A19103F-16F7-4668-BE54-9A1E7A4F7556}") = "DatenMeister.Provider.DynamicRuntime", "DatenMeister.Provider.DynamicRuntime\DatenMeister.Provider.DynamicRuntime.csproj", "{620A7F53-C16F-4B0F-9412-F68688F6F82D}"
EndProject
Project("{9A19103F-16F7-4668-BE54-9A1E7A4F7556}") = "DatenMeister.Provider.Environmental", "DatenMeister.Provider.Environmental\DatenMeister.Provider.Environmental.csproj", "{8677381E-953C-4BB5-8652-69D7461D217F}"
EndProject
Project("{9A19103F-16F7-4668-BE54-9A1E7A4F7556}") = "DatenMeister.Actions", "DatenMeister.Actions\DatenMeister.Actions.csproj", "{FD14E1BC-975E-4DA1-907A-1427EF11A4FE}"
EndProject
Project("{9A19103F-16F7-4668-BE54-9A1E7A4F7556}") = "DatenMeister.Provider.ExtentManagement", "DatenMeister.Provider.ExtentManagement\DatenMeister.Provider.ExtentManagement.csproj", "{53C90F0C-84D1-4E08-B55A-4906DCEFDD82}"
EndProject
Project("{9A19103F-16F7-4668-BE54-9A1E7A4F7556}") = "DatenMeister.Users", "DatenMeister.Users\DatenMeister.Users.csproj", "{E87FD5D1-F51E-439A-BC7C-7816561AD498}"
EndProject
Project("{9A19103F-16F7-4668-BE54-9A1E7A4F7556}") = "DatenMeister.DataView", "DatenMeister.DataView\DatenMeister.DataView.csproj", "{1865C70A-3F0D-4415-997F-0B404D75F6A9}"
EndProject
Project("{9A19103F-16F7-4668-BE54-9A1E7A4F7556}") = "DatenMeister.AttachedExtent", "DatenMeister.AttachedExtent\DatenMeister.AttachedExtent.csproj", "{651D526A-1EED-44A1-9690-4F4B0994D719}"
EndProject
Project("{9A19103F-16F7-4668-BE54-9A1E7A4F7556}") = "DatenMeister.Provider.Xmi", "DatenMeister.Provider.Xmi\DatenMeister.Provider.Xmi.csproj", "{5F74B266-1159-4E1B-991A-29B32F449CB6}"
EndProject
Project("{9A19103F-16F7-4668-BE54-9A1E7A4F7556}") = "DatenMeister.TemporaryExtent", "DatenMeister.TemporaryExtent\DatenMeister.TemporaryExtent.csproj", "{1C0D6581-487B-4DA7-A2B5-18E8CBE96158}"
EndProject
Project("{9A19103F-16F7-4668-BE54-9A1E7A4F7556}") = "DatenMeister.Extent.Verifier", "DatenMeister.Extent.Verifier\DatenMeister.Extent.Verifier.csproj", "{C985EC50-B46D-4D07-9947-5A858EB468B1}"
EndProject
Project("{FAE04EC0-301F-11D3-BF4B-00C04F79EFBC}") = "DatenMeister.Reports.Forms", "DatenMeister.Reports.Forms\DatenMeister.Reports.Forms.csproj", "{652AF702-61FB-4687-855D-FE314ABDC6ED}"
EndProject
Project("{FAE04EC0-301F-11D3-BF4B-00C04F79EFBC}") = "DatenMeister.Forms.Actions", "DatenMeister.Forms.Actions\DatenMeister.Forms.Actions.csproj", "{751D3897-D45E-4DF2-BF03-B8106E2BA725}"
EndProject
Project("{FAE04EC0-301F-11D3-BF4B-00C04F79EFBC}") = "DatenMeister.Zip", "DatenMeister.Zip\DatenMeister.Zip.csproj", "{7D881D5F-4816-45B3-997D-51B24A2E9A9E}"
EndProject
Global
	GlobalSection(SolutionConfigurationPlatforms) = preSolution
		Debug|Any CPU = Debug|Any CPU
		Release|Any CPU = Release|Any CPU
		ViewLogicAdditionalInfo|Any CPU = ViewLogicAdditionalInfo|Any CPU
		WPF|Any CPU = WPF|Any CPU
	EndGlobalSection
	GlobalSection(ProjectConfigurationPlatforms) = postSolution
		{9026F9A3-C366-43DA-ABAD-8CC94A3E793F}.Debug|Any CPU.ActiveCfg = Debug|Any CPU
		{9026F9A3-C366-43DA-ABAD-8CC94A3E793F}.Debug|Any CPU.Build.0 = Debug|Any CPU
		{9026F9A3-C366-43DA-ABAD-8CC94A3E793F}.Release|Any CPU.ActiveCfg = Release|Any CPU
		{9026F9A3-C366-43DA-ABAD-8CC94A3E793F}.Release|Any CPU.Build.0 = Release|Any CPU
		{9026F9A3-C366-43DA-ABAD-8CC94A3E793F}.ViewLogicAdditionalInfo|Any CPU.ActiveCfg = Debug|Any CPU
		{9026F9A3-C366-43DA-ABAD-8CC94A3E793F}.ViewLogicAdditionalInfo|Any CPU.Build.0 = Debug|Any CPU
		{9026F9A3-C366-43DA-ABAD-8CC94A3E793F}.WPF|Any CPU.ActiveCfg = WPF|Any CPU
		{9026F9A3-C366-43DA-ABAD-8CC94A3E793F}.WPF|Any CPU.Build.0 = WPF|Any CPU
		{40FE2013-5DBA-4290-A497-3FDA26CB134F}.Debug|Any CPU.ActiveCfg = Debug|Any CPU
		{40FE2013-5DBA-4290-A497-3FDA26CB134F}.Debug|Any CPU.Build.0 = Debug|Any CPU
		{40FE2013-5DBA-4290-A497-3FDA26CB134F}.Release|Any CPU.ActiveCfg = Release|Any CPU
		{40FE2013-5DBA-4290-A497-3FDA26CB134F}.Release|Any CPU.Build.0 = Release|Any CPU
		{40FE2013-5DBA-4290-A497-3FDA26CB134F}.ViewLogicAdditionalInfo|Any CPU.ActiveCfg = Debug|Any CPU
		{40FE2013-5DBA-4290-A497-3FDA26CB134F}.ViewLogicAdditionalInfo|Any CPU.Build.0 = Debug|Any CPU
		{40FE2013-5DBA-4290-A497-3FDA26CB134F}.WPF|Any CPU.ActiveCfg = WPF|Any CPU
		{40FE2013-5DBA-4290-A497-3FDA26CB134F}.WPF|Any CPU.Build.0 = WPF|Any CPU
		{39F63BEF-AF5E-4C02-B35D-534DF6AF3E04}.Debug|Any CPU.ActiveCfg = Debug|Any CPU
		{39F63BEF-AF5E-4C02-B35D-534DF6AF3E04}.Debug|Any CPU.Build.0 = Debug|Any CPU
		{39F63BEF-AF5E-4C02-B35D-534DF6AF3E04}.Release|Any CPU.ActiveCfg = Release|Any CPU
		{39F63BEF-AF5E-4C02-B35D-534DF6AF3E04}.Release|Any CPU.Build.0 = Release|Any CPU
		{39F63BEF-AF5E-4C02-B35D-534DF6AF3E04}.ViewLogicAdditionalInfo|Any CPU.ActiveCfg = Debug|Any CPU
		{39F63BEF-AF5E-4C02-B35D-534DF6AF3E04}.ViewLogicAdditionalInfo|Any CPU.Build.0 = Debug|Any CPU
		{39F63BEF-AF5E-4C02-B35D-534DF6AF3E04}.WPF|Any CPU.ActiveCfg = WPF|Any CPU
		{39F63BEF-AF5E-4C02-B35D-534DF6AF3E04}.WPF|Any CPU.Build.0 = WPF|Any CPU
		{A2E5712E-E3F5-4FD9-B6EF-E1B44B7CC300}.Debug|Any CPU.ActiveCfg = Debug|Any CPU
		{A2E5712E-E3F5-4FD9-B6EF-E1B44B7CC300}.Release|Any CPU.ActiveCfg = Release|Any CPU
		{A2E5712E-E3F5-4FD9-B6EF-E1B44B7CC300}.ViewLogicAdditionalInfo|Any CPU.ActiveCfg = Debug|Any CPU
		{A2E5712E-E3F5-4FD9-B6EF-E1B44B7CC300}.WPF|Any CPU.ActiveCfg = WPF|Any CPU
		{A2E5712E-E3F5-4FD9-B6EF-E1B44B7CC300}.WPF|Any CPU.Build.0 = WPF|Any CPU
		{D4696DF0-4FB2-494A-9541-6B993DF77798}.Debug|Any CPU.ActiveCfg = Debug|Any CPU
		{D4696DF0-4FB2-494A-9541-6B993DF77798}.Release|Any CPU.ActiveCfg = Release|Any CPU
		{D4696DF0-4FB2-494A-9541-6B993DF77798}.ViewLogicAdditionalInfo|Any CPU.ActiveCfg = Debug|Any CPU
		{D4696DF0-4FB2-494A-9541-6B993DF77798}.WPF|Any CPU.ActiveCfg = WPF|Any CPU
		{D4696DF0-4FB2-494A-9541-6B993DF77798}.WPF|Any CPU.Build.0 = WPF|Any CPU
		{88FFF1F8-36E1-4923-AE58-FDB002E73702}.Debug|Any CPU.ActiveCfg = Debug|Any CPU
		{88FFF1F8-36E1-4923-AE58-FDB002E73702}.Release|Any CPU.ActiveCfg = Release|Any CPU
		{88FFF1F8-36E1-4923-AE58-FDB002E73702}.ViewLogicAdditionalInfo|Any CPU.ActiveCfg = Debug|Any CPU
		{88FFF1F8-36E1-4923-AE58-FDB002E73702}.WPF|Any CPU.ActiveCfg = WPF|Any CPU
		{88FFF1F8-36E1-4923-AE58-FDB002E73702}.WPF|Any CPU.Build.0 = WPF|Any CPU
		{18F0E058-EBCC-4E6A-9E8E-E94A8304453C}.Debug|Any CPU.ActiveCfg = Debug|Any CPU
		{18F0E058-EBCC-4E6A-9E8E-E94A8304453C}.Release|Any CPU.ActiveCfg = Release|Any CPU
		{18F0E058-EBCC-4E6A-9E8E-E94A8304453C}.ViewLogicAdditionalInfo|Any CPU.ActiveCfg = Debug|Any CPU
		{18F0E058-EBCC-4E6A-9E8E-E94A8304453C}.WPF|Any CPU.ActiveCfg = WPF|Any CPU
		{18F0E058-EBCC-4E6A-9E8E-E94A8304453C}.WPF|Any CPU.Build.0 = WPF|Any CPU
		{263E74EC-019D-47FB-A653-362F84CCDE5D}.Debug|Any CPU.ActiveCfg = Debug|Any CPU
		{263E74EC-019D-47FB-A653-362F84CCDE5D}.Debug|Any CPU.Build.0 = Debug|Any CPU
		{263E74EC-019D-47FB-A653-362F84CCDE5D}.Release|Any CPU.ActiveCfg = Release|Any CPU
		{263E74EC-019D-47FB-A653-362F84CCDE5D}.Release|Any CPU.Build.0 = Release|Any CPU
		{263E74EC-019D-47FB-A653-362F84CCDE5D}.ViewLogicAdditionalInfo|Any CPU.ActiveCfg = Debug|Any CPU
		{263E74EC-019D-47FB-A653-362F84CCDE5D}.ViewLogicAdditionalInfo|Any CPU.Build.0 = Debug|Any CPU
		{263E74EC-019D-47FB-A653-362F84CCDE5D}.WPF|Any CPU.ActiveCfg = WPF|Any CPU
		{263E74EC-019D-47FB-A653-362F84CCDE5D}.WPF|Any CPU.Build.0 = WPF|Any CPU
		{581A5C15-979B-4EE9-9548-F55AD8F9EBBC}.Debug|Any CPU.ActiveCfg = Debug|Any CPU
		{581A5C15-979B-4EE9-9548-F55AD8F9EBBC}.Debug|Any CPU.Build.0 = Debug|Any CPU
		{581A5C15-979B-4EE9-9548-F55AD8F9EBBC}.Release|Any CPU.ActiveCfg = Release|Any CPU
		{581A5C15-979B-4EE9-9548-F55AD8F9EBBC}.Release|Any CPU.Build.0 = Release|Any CPU
		{581A5C15-979B-4EE9-9548-F55AD8F9EBBC}.ViewLogicAdditionalInfo|Any CPU.ActiveCfg = Debug|Any CPU
		{581A5C15-979B-4EE9-9548-F55AD8F9EBBC}.ViewLogicAdditionalInfo|Any CPU.Build.0 = Debug|Any CPU
		{581A5C15-979B-4EE9-9548-F55AD8F9EBBC}.WPF|Any CPU.ActiveCfg = WPF|Any CPU
		{581A5C15-979B-4EE9-9548-F55AD8F9EBBC}.WPF|Any CPU.Build.0 = WPF|Any CPU
		{EC757E7B-C6F7-4BD0-88D2-F647CCF9E1E2}.Debug|Any CPU.ActiveCfg = Debug|Any CPU
		{EC757E7B-C6F7-4BD0-88D2-F647CCF9E1E2}.Debug|Any CPU.Build.0 = Debug|Any CPU
		{EC757E7B-C6F7-4BD0-88D2-F647CCF9E1E2}.Release|Any CPU.ActiveCfg = Release|Any CPU
		{EC757E7B-C6F7-4BD0-88D2-F647CCF9E1E2}.Release|Any CPU.Build.0 = Release|Any CPU
		{EC757E7B-C6F7-4BD0-88D2-F647CCF9E1E2}.ViewLogicAdditionalInfo|Any CPU.ActiveCfg = Debug|Any CPU
		{EC757E7B-C6F7-4BD0-88D2-F647CCF9E1E2}.ViewLogicAdditionalInfo|Any CPU.Build.0 = Debug|Any CPU
		{EC757E7B-C6F7-4BD0-88D2-F647CCF9E1E2}.WPF|Any CPU.ActiveCfg = WPF|Any CPU
		{EC757E7B-C6F7-4BD0-88D2-F647CCF9E1E2}.WPF|Any CPU.Build.0 = WPF|Any CPU
		{A75C6B0F-2021-496B-A752-D0197FC6D693}.Debug|Any CPU.ActiveCfg = Debug|Any CPU
		{A75C6B0F-2021-496B-A752-D0197FC6D693}.Debug|Any CPU.Build.0 = Debug|Any CPU
		{A75C6B0F-2021-496B-A752-D0197FC6D693}.Release|Any CPU.ActiveCfg = Release|Any CPU
		{A75C6B0F-2021-496B-A752-D0197FC6D693}.Release|Any CPU.Build.0 = Release|Any CPU
		{A75C6B0F-2021-496B-A752-D0197FC6D693}.ViewLogicAdditionalInfo|Any CPU.ActiveCfg = Debug|Any CPU
		{A75C6B0F-2021-496B-A752-D0197FC6D693}.ViewLogicAdditionalInfo|Any CPU.Build.0 = Debug|Any CPU
		{A75C6B0F-2021-496B-A752-D0197FC6D693}.WPF|Any CPU.ActiveCfg = WPF|Any CPU
		{A75C6B0F-2021-496B-A752-D0197FC6D693}.WPF|Any CPU.Build.0 = WPF|Any CPU
		{EB91A8A4-69E0-4788-9D40-C8806646630C}.Debug|Any CPU.ActiveCfg = Debug|Any CPU
		{EB91A8A4-69E0-4788-9D40-C8806646630C}.Release|Any CPU.ActiveCfg = Release|Any CPU
		{EB91A8A4-69E0-4788-9D40-C8806646630C}.ViewLogicAdditionalInfo|Any CPU.ActiveCfg = Debug|Any CPU
		{EB91A8A4-69E0-4788-9D40-C8806646630C}.WPF|Any CPU.ActiveCfg = WPF|Any CPU
		{EB91A8A4-69E0-4788-9D40-C8806646630C}.WPF|Any CPU.Build.0 = WPF|Any CPU
		{EB91A8A4-69E0-4788-9D40-C8806646630C}.Release|Any CPU.Build.0 = Release|Any CPU
		{EB91A8A4-69E0-4788-9D40-C8806646630C}.Debug|Any CPU.Build.0 = Debug|Any CPU
		{2EBBF615-3C6D-491E-92F4-CC012BBF38F2}.Debug|Any CPU.ActiveCfg = Debug|Any CPU
		{2EBBF615-3C6D-491E-92F4-CC012BBF38F2}.Release|Any CPU.ActiveCfg = Release|Any CPU
		{2EBBF615-3C6D-491E-92F4-CC012BBF38F2}.ViewLogicAdditionalInfo|Any CPU.ActiveCfg = Debug|Any CPU
		{2EBBF615-3C6D-491E-92F4-CC012BBF38F2}.WPF|Any CPU.ActiveCfg = WPF|Any CPU
		{2EBBF615-3C6D-491E-92F4-CC012BBF38F2}.WPF|Any CPU.Build.0 = WPF|Any CPU
		{2EBBF615-3C6D-491E-92F4-CC012BBF38F2}.Release|Any CPU.Build.0 = Release|Any CPU
		{2EBBF615-3C6D-491E-92F4-CC012BBF38F2}.Debug|Any CPU.Build.0 = Debug|Any CPU
		{764F9862-140D-45CC-AC0B-5E0679D5747D}.Debug|Any CPU.ActiveCfg = Debug|Any CPU
		{764F9862-140D-45CC-AC0B-5E0679D5747D}.Release|Any CPU.ActiveCfg = Release|Any CPU
		{764F9862-140D-45CC-AC0B-5E0679D5747D}.ViewLogicAdditionalInfo|Any CPU.ActiveCfg = Debug|Any CPU
		{764F9862-140D-45CC-AC0B-5E0679D5747D}.WPF|Any CPU.ActiveCfg = WPF|Any CPU
		{764F9862-140D-45CC-AC0B-5E0679D5747D}.WPF|Any CPU.Build.0 = WPF|Any CPU
		{764F9862-140D-45CC-AC0B-5E0679D5747D}.Release|Any CPU.Build.0 = Release|Any CPU
		{764F9862-140D-45CC-AC0B-5E0679D5747D}.Debug|Any CPU.Build.0 = Debug|Any CPU
		{9CB2BC8E-9910-4B8C-BA82-0ADAD8748CD5}.Debug|Any CPU.ActiveCfg = Debug|Any CPU
		{9CB2BC8E-9910-4B8C-BA82-0ADAD8748CD5}.Debug|Any CPU.Build.0 = Debug|Any CPU
		{9CB2BC8E-9910-4B8C-BA82-0ADAD8748CD5}.Release|Any CPU.ActiveCfg = Release|Any CPU
		{9CB2BC8E-9910-4B8C-BA82-0ADAD8748CD5}.Release|Any CPU.Build.0 = Release|Any CPU
		{9CB2BC8E-9910-4B8C-BA82-0ADAD8748CD5}.ViewLogicAdditionalInfo|Any CPU.ActiveCfg = Debug|Any CPU
		{9CB2BC8E-9910-4B8C-BA82-0ADAD8748CD5}.ViewLogicAdditionalInfo|Any CPU.Build.0 = Debug|Any CPU
		{9CB2BC8E-9910-4B8C-BA82-0ADAD8748CD5}.WPF|Any CPU.ActiveCfg = WPF|Any CPU
		{9CB2BC8E-9910-4B8C-BA82-0ADAD8748CD5}.WPF|Any CPU.Build.0 = WPF|Any CPU
		{79B3D02A-BFED-48FE-897C-9A000BAE3DD3}.Debug|Any CPU.ActiveCfg = Debug|Any CPU
		{79B3D02A-BFED-48FE-897C-9A000BAE3DD3}.Debug|Any CPU.Build.0 = Debug|Any CPU
		{79B3D02A-BFED-48FE-897C-9A000BAE3DD3}.Release|Any CPU.ActiveCfg = Release|Any CPU
		{79B3D02A-BFED-48FE-897C-9A000BAE3DD3}.Release|Any CPU.Build.0 = Release|Any CPU
		{79B3D02A-BFED-48FE-897C-9A000BAE3DD3}.ViewLogicAdditionalInfo|Any CPU.ActiveCfg = Debug|Any CPU
		{79B3D02A-BFED-48FE-897C-9A000BAE3DD3}.ViewLogicAdditionalInfo|Any CPU.Build.0 = Debug|Any CPU
		{79B3D02A-BFED-48FE-897C-9A000BAE3DD3}.WPF|Any CPU.ActiveCfg = WPF|Any CPU
		{79B3D02A-BFED-48FE-897C-9A000BAE3DD3}.WPF|Any CPU.Build.0 = WPF|Any CPU
		{1332B714-907D-4F32-BD75-0946F0EF7309}.Debug|Any CPU.ActiveCfg = Debug|Any CPU
		{1332B714-907D-4F32-BD75-0946F0EF7309}.Debug|Any CPU.Build.0 = Debug|Any CPU
		{1332B714-907D-4F32-BD75-0946F0EF7309}.Release|Any CPU.ActiveCfg = Release|Any CPU
		{1332B714-907D-4F32-BD75-0946F0EF7309}.Release|Any CPU.Build.0 = Release|Any CPU
		{1332B714-907D-4F32-BD75-0946F0EF7309}.ViewLogicAdditionalInfo|Any CPU.ActiveCfg = Debug|Any CPU
		{1332B714-907D-4F32-BD75-0946F0EF7309}.ViewLogicAdditionalInfo|Any CPU.Build.0 = Debug|Any CPU
		{1332B714-907D-4F32-BD75-0946F0EF7309}.WPF|Any CPU.ActiveCfg = WPF|Any CPU
		{1332B714-907D-4F32-BD75-0946F0EF7309}.WPF|Any CPU.Build.0 = WPF|Any CPU
		{9A56103E-7CCA-4E6F-9AAB-1CB53DFDCA6A}.Debug|Any CPU.ActiveCfg = Debug|Any CPU
		{9A56103E-7CCA-4E6F-9AAB-1CB53DFDCA6A}.Debug|Any CPU.Build.0 = Debug|Any CPU
		{9A56103E-7CCA-4E6F-9AAB-1CB53DFDCA6A}.Release|Any CPU.ActiveCfg = Release|Any CPU
		{9A56103E-7CCA-4E6F-9AAB-1CB53DFDCA6A}.Release|Any CPU.Build.0 = Release|Any CPU
		{9A56103E-7CCA-4E6F-9AAB-1CB53DFDCA6A}.ViewLogicAdditionalInfo|Any CPU.ActiveCfg = Debug|Any CPU
		{9A56103E-7CCA-4E6F-9AAB-1CB53DFDCA6A}.ViewLogicAdditionalInfo|Any CPU.Build.0 = Debug|Any CPU
		{9A56103E-7CCA-4E6F-9AAB-1CB53DFDCA6A}.WPF|Any CPU.ActiveCfg = WPF|Any CPU
		{9A56103E-7CCA-4E6F-9AAB-1CB53DFDCA6A}.WPF|Any CPU.Build.0 = WPF|Any CPU
		{8481C54C-3A7B-4FE3-938D-646DC3DE6F0E}.Debug|Any CPU.ActiveCfg = Debug|Any CPU
		{8481C54C-3A7B-4FE3-938D-646DC3DE6F0E}.Debug|Any CPU.Build.0 = Debug|Any CPU
		{8481C54C-3A7B-4FE3-938D-646DC3DE6F0E}.Release|Any CPU.ActiveCfg = Release|Any CPU
		{8481C54C-3A7B-4FE3-938D-646DC3DE6F0E}.Release|Any CPU.Build.0 = Release|Any CPU
		{8481C54C-3A7B-4FE3-938D-646DC3DE6F0E}.ViewLogicAdditionalInfo|Any CPU.ActiveCfg = Debug|Any CPU
		{8481C54C-3A7B-4FE3-938D-646DC3DE6F0E}.ViewLogicAdditionalInfo|Any CPU.Build.0 = Debug|Any CPU
		{8481C54C-3A7B-4FE3-938D-646DC3DE6F0E}.WPF|Any CPU.ActiveCfg = WPF|Any CPU
		{8481C54C-3A7B-4FE3-938D-646DC3DE6F0E}.WPF|Any CPU.Build.0 = WPF|Any CPU
		{806E409E-8D40-401A-B0AF-93DA65E5ADEA}.Debug|Any CPU.ActiveCfg = Debug|Any CPU
		{806E409E-8D40-401A-B0AF-93DA65E5ADEA}.Debug|Any CPU.Build.0 = Debug|Any CPU
		{806E409E-8D40-401A-B0AF-93DA65E5ADEA}.Release|Any CPU.ActiveCfg = Release|Any CPU
		{806E409E-8D40-401A-B0AF-93DA65E5ADEA}.Release|Any CPU.Build.0 = Release|Any CPU
		{806E409E-8D40-401A-B0AF-93DA65E5ADEA}.ViewLogicAdditionalInfo|Any CPU.ActiveCfg = Debug|Any CPU
		{806E409E-8D40-401A-B0AF-93DA65E5ADEA}.ViewLogicAdditionalInfo|Any CPU.Build.0 = Debug|Any CPU
		{806E409E-8D40-401A-B0AF-93DA65E5ADEA}.WPF|Any CPU.ActiveCfg = WPF|Any CPU
		{806E409E-8D40-401A-B0AF-93DA65E5ADEA}.WPF|Any CPU.Build.0 = WPF|Any CPU
		{947F91D6-4F12-49FF-8754-70C9B5817873}.Debug|Any CPU.ActiveCfg = Debug|Any CPU
		{947F91D6-4F12-49FF-8754-70C9B5817873}.Debug|Any CPU.Build.0 = Debug|Any CPU
		{947F91D6-4F12-49FF-8754-70C9B5817873}.Release|Any CPU.ActiveCfg = Release|Any CPU
		{947F91D6-4F12-49FF-8754-70C9B5817873}.Release|Any CPU.Build.0 = Release|Any CPU
		{947F91D6-4F12-49FF-8754-70C9B5817873}.ViewLogicAdditionalInfo|Any CPU.ActiveCfg = Debug|Any CPU
		{947F91D6-4F12-49FF-8754-70C9B5817873}.ViewLogicAdditionalInfo|Any CPU.Build.0 = Debug|Any CPU
		{947F91D6-4F12-49FF-8754-70C9B5817873}.WPF|Any CPU.ActiveCfg = WPF|Any CPU
		{947F91D6-4F12-49FF-8754-70C9B5817873}.WPF|Any CPU.Build.0 = WPF|Any CPU
		{A4F718D3-B63A-42F7-AB26-E00ADE682EE5}.Debug|Any CPU.ActiveCfg = Debug|Any CPU
		{A4F718D3-B63A-42F7-AB26-E00ADE682EE5}.Debug|Any CPU.Build.0 = Debug|Any CPU
		{A4F718D3-B63A-42F7-AB26-E00ADE682EE5}.Release|Any CPU.ActiveCfg = Release|Any CPU
		{A4F718D3-B63A-42F7-AB26-E00ADE682EE5}.Release|Any CPU.Build.0 = Release|Any CPU
		{A4F718D3-B63A-42F7-AB26-E00ADE682EE5}.ViewLogicAdditionalInfo|Any CPU.ActiveCfg = Debug|Any CPU
		{A4F718D3-B63A-42F7-AB26-E00ADE682EE5}.ViewLogicAdditionalInfo|Any CPU.Build.0 = Debug|Any CPU
		{A4F718D3-B63A-42F7-AB26-E00ADE682EE5}.WPF|Any CPU.ActiveCfg = WPF|Any CPU
		{A4F718D3-B63A-42F7-AB26-E00ADE682EE5}.WPF|Any CPU.Build.0 = WPF|Any CPU
		{E09F4720-2E23-4738-ADC2-FBC8E1171CA3}.Debug|Any CPU.ActiveCfg = Debug|Any CPU
		{E09F4720-2E23-4738-ADC2-FBC8E1171CA3}.Debug|Any CPU.Build.0 = Debug|Any CPU
		{E09F4720-2E23-4738-ADC2-FBC8E1171CA3}.Release|Any CPU.ActiveCfg = Release|Any CPU
		{E09F4720-2E23-4738-ADC2-FBC8E1171CA3}.Release|Any CPU.Build.0 = Release|Any CPU
		{E09F4720-2E23-4738-ADC2-FBC8E1171CA3}.ViewLogicAdditionalInfo|Any CPU.ActiveCfg = Debug|Any CPU
		{E09F4720-2E23-4738-ADC2-FBC8E1171CA3}.ViewLogicAdditionalInfo|Any CPU.Build.0 = Debug|Any CPU
		{E09F4720-2E23-4738-ADC2-FBC8E1171CA3}.WPF|Any CPU.ActiveCfg = WPF|Any CPU
		{E09F4720-2E23-4738-ADC2-FBC8E1171CA3}.WPF|Any CPU.Build.0 = WPF|Any CPU
		{D777FB11-E655-40BD-8111-1D2BDEDE06BA}.Debug|Any CPU.ActiveCfg = Debug|Any CPU
		{D777FB11-E655-40BD-8111-1D2BDEDE06BA}.Debug|Any CPU.Build.0 = Debug|Any CPU
		{D777FB11-E655-40BD-8111-1D2BDEDE06BA}.Release|Any CPU.ActiveCfg = Release|Any CPU
		{D777FB11-E655-40BD-8111-1D2BDEDE06BA}.Release|Any CPU.Build.0 = Release|Any CPU
		{D777FB11-E655-40BD-8111-1D2BDEDE06BA}.ViewLogicAdditionalInfo|Any CPU.ActiveCfg = Debug|Any CPU
		{D777FB11-E655-40BD-8111-1D2BDEDE06BA}.ViewLogicAdditionalInfo|Any CPU.Build.0 = Debug|Any CPU
		{D777FB11-E655-40BD-8111-1D2BDEDE06BA}.WPF|Any CPU.ActiveCfg = WPF|Any CPU
		{D777FB11-E655-40BD-8111-1D2BDEDE06BA}.WPF|Any CPU.Build.0 = WPF|Any CPU
		{BBEC58DC-0529-4E12-B85F-C191D9985B7C}.Debug|Any CPU.ActiveCfg = Debug|Any CPU
		{BBEC58DC-0529-4E12-B85F-C191D9985B7C}.Debug|Any CPU.Build.0 = Debug|Any CPU
		{BBEC58DC-0529-4E12-B85F-C191D9985B7C}.Release|Any CPU.ActiveCfg = Release|Any CPU
		{BBEC58DC-0529-4E12-B85F-C191D9985B7C}.Release|Any CPU.Build.0 = Release|Any CPU
		{BBEC58DC-0529-4E12-B85F-C191D9985B7C}.ViewLogicAdditionalInfo|Any CPU.ActiveCfg = Debug|Any CPU
		{BBEC58DC-0529-4E12-B85F-C191D9985B7C}.ViewLogicAdditionalInfo|Any CPU.Build.0 = Debug|Any CPU
		{BBEC58DC-0529-4E12-B85F-C191D9985B7C}.WPF|Any CPU.ActiveCfg = WPF|Any CPU
		{BBEC58DC-0529-4E12-B85F-C191D9985B7C}.WPF|Any CPU.Build.0 = WPF|Any CPU
		{33DECDC1-5268-4F41-844F-669C3629A05E}.Debug|Any CPU.ActiveCfg = Debug|Any CPU
		{33DECDC1-5268-4F41-844F-669C3629A05E}.Debug|Any CPU.Build.0 = Debug|Any CPU
		{33DECDC1-5268-4F41-844F-669C3629A05E}.Release|Any CPU.ActiveCfg = Release|Any CPU
		{33DECDC1-5268-4F41-844F-669C3629A05E}.Release|Any CPU.Build.0 = Release|Any CPU
		{33DECDC1-5268-4F41-844F-669C3629A05E}.ViewLogicAdditionalInfo|Any CPU.ActiveCfg = Debug|Any CPU
		{33DECDC1-5268-4F41-844F-669C3629A05E}.ViewLogicAdditionalInfo|Any CPU.Build.0 = Debug|Any CPU
		{33DECDC1-5268-4F41-844F-669C3629A05E}.WPF|Any CPU.ActiveCfg = WPF|Any CPU
		{33DECDC1-5268-4F41-844F-669C3629A05E}.WPF|Any CPU.Build.0 = WPF|Any CPU
		{AA44BAEF-0BC7-446B-95AC-BA538E0B0EE1}.Debug|Any CPU.ActiveCfg = Debug|Any CPU
		{AA44BAEF-0BC7-446B-95AC-BA538E0B0EE1}.Debug|Any CPU.Build.0 = Debug|Any CPU
		{AA44BAEF-0BC7-446B-95AC-BA538E0B0EE1}.Release|Any CPU.ActiveCfg = Release|Any CPU
		{AA44BAEF-0BC7-446B-95AC-BA538E0B0EE1}.Release|Any CPU.Build.0 = Release|Any CPU
		{AA44BAEF-0BC7-446B-95AC-BA538E0B0EE1}.ViewLogicAdditionalInfo|Any CPU.ActiveCfg = Debug|Any CPU
		{AA44BAEF-0BC7-446B-95AC-BA538E0B0EE1}.ViewLogicAdditionalInfo|Any CPU.Build.0 = Debug|Any CPU
		{AA44BAEF-0BC7-446B-95AC-BA538E0B0EE1}.WPF|Any CPU.ActiveCfg = WPF|Any CPU
		{AA44BAEF-0BC7-446B-95AC-BA538E0B0EE1}.WPF|Any CPU.Build.0 = WPF|Any CPU
		{3F16251E-7E73-4C8A-B951-609FA4C2A098}.Debug|Any CPU.ActiveCfg = Debug|Any CPU
		{3F16251E-7E73-4C8A-B951-609FA4C2A098}.Debug|Any CPU.Build.0 = Debug|Any CPU
		{3F16251E-7E73-4C8A-B951-609FA4C2A098}.Release|Any CPU.ActiveCfg = Release|Any CPU
		{3F16251E-7E73-4C8A-B951-609FA4C2A098}.Release|Any CPU.Build.0 = Release|Any CPU
		{3F16251E-7E73-4C8A-B951-609FA4C2A098}.ViewLogicAdditionalInfo|Any CPU.ActiveCfg = Debug|Any CPU
		{3F16251E-7E73-4C8A-B951-609FA4C2A098}.ViewLogicAdditionalInfo|Any CPU.Build.0 = Debug|Any CPU
		{3F16251E-7E73-4C8A-B951-609FA4C2A098}.WPF|Any CPU.ActiveCfg = WPF|Any CPU
		{3F16251E-7E73-4C8A-B951-609FA4C2A098}.WPF|Any CPU.Build.0 = WPF|Any CPU
		{9C25937F-480E-4077-9CFB-845F4CF869B6}.Debug|Any CPU.ActiveCfg = Debug|Any CPU
		{9C25937F-480E-4077-9CFB-845F4CF869B6}.Debug|Any CPU.Build.0 = Debug|Any CPU
		{9C25937F-480E-4077-9CFB-845F4CF869B6}.Release|Any CPU.ActiveCfg = Release|Any CPU
		{9C25937F-480E-4077-9CFB-845F4CF869B6}.Release|Any CPU.Build.0 = Release|Any CPU
		{9C25937F-480E-4077-9CFB-845F4CF869B6}.ViewLogicAdditionalInfo|Any CPU.ActiveCfg = ViewLogicAdditionalInfo|Any CPU
		{9C25937F-480E-4077-9CFB-845F4CF869B6}.ViewLogicAdditionalInfo|Any CPU.Build.0 = ViewLogicAdditionalInfo|Any CPU
		{9C25937F-480E-4077-9CFB-845F4CF869B6}.WPF|Any CPU.ActiveCfg = WPF|Any CPU
		{9C25937F-480E-4077-9CFB-845F4CF869B6}.WPF|Any CPU.Build.0 = WPF|Any CPU
		{93D50213-207A-402B-9B28-0CE3EE88473D}.Debug|Any CPU.ActiveCfg = Debug|Any CPU
		{93D50213-207A-402B-9B28-0CE3EE88473D}.Debug|Any CPU.Build.0 = Debug|Any CPU
		{93D50213-207A-402B-9B28-0CE3EE88473D}.Release|Any CPU.ActiveCfg = Release|Any CPU
		{93D50213-207A-402B-9B28-0CE3EE88473D}.Release|Any CPU.Build.0 = Release|Any CPU
		{93D50213-207A-402B-9B28-0CE3EE88473D}.ViewLogicAdditionalInfo|Any CPU.ActiveCfg = Debug|Any CPU
		{93D50213-207A-402B-9B28-0CE3EE88473D}.ViewLogicAdditionalInfo|Any CPU.Build.0 = Debug|Any CPU
		{93D50213-207A-402B-9B28-0CE3EE88473D}.WPF|Any CPU.ActiveCfg = WPF|Any CPU
		{93D50213-207A-402B-9B28-0CE3EE88473D}.WPF|Any CPU.Build.0 = WPF|Any CPU
		{340E6B3C-E2DC-4753-A661-CE12A98114E0}.Debug|Any CPU.ActiveCfg = Debug|Any CPU
		{340E6B3C-E2DC-4753-A661-CE12A98114E0}.Debug|Any CPU.Build.0 = Debug|Any CPU
		{340E6B3C-E2DC-4753-A661-CE12A98114E0}.Release|Any CPU.ActiveCfg = Release|Any CPU
		{340E6B3C-E2DC-4753-A661-CE12A98114E0}.Release|Any CPU.Build.0 = Release|Any CPU
		{340E6B3C-E2DC-4753-A661-CE12A98114E0}.ViewLogicAdditionalInfo|Any CPU.ActiveCfg = Debug|Any CPU
		{340E6B3C-E2DC-4753-A661-CE12A98114E0}.ViewLogicAdditionalInfo|Any CPU.Build.0 = Debug|Any CPU
		{340E6B3C-E2DC-4753-A661-CE12A98114E0}.WPF|Any CPU.ActiveCfg = WPF|Any CPU
		{340E6B3C-E2DC-4753-A661-CE12A98114E0}.WPF|Any CPU.Build.0 = WPF|Any CPU
		{042FA7A1-E3FE-4AB1-906B-2CCB375B635B}.Debug|Any CPU.ActiveCfg = Debug|Any CPU
		{042FA7A1-E3FE-4AB1-906B-2CCB375B635B}.Debug|Any CPU.Build.0 = Debug|Any CPU
		{042FA7A1-E3FE-4AB1-906B-2CCB375B635B}.Release|Any CPU.ActiveCfg = Release|Any CPU
		{042FA7A1-E3FE-4AB1-906B-2CCB375B635B}.Release|Any CPU.Build.0 = Release|Any CPU
		{042FA7A1-E3FE-4AB1-906B-2CCB375B635B}.ViewLogicAdditionalInfo|Any CPU.ActiveCfg = Debug|Any CPU
		{042FA7A1-E3FE-4AB1-906B-2CCB375B635B}.ViewLogicAdditionalInfo|Any CPU.Build.0 = Debug|Any CPU
		{042FA7A1-E3FE-4AB1-906B-2CCB375B635B}.WPF|Any CPU.ActiveCfg = WPF|Any CPU
		{042FA7A1-E3FE-4AB1-906B-2CCB375B635B}.WPF|Any CPU.Build.0 = WPF|Any CPU
		{B1C0E1B3-E5D1-4A63-8D7C-C0FA963C54BD}.Debug|Any CPU.ActiveCfg = Debug|Any CPU
		{B1C0E1B3-E5D1-4A63-8D7C-C0FA963C54BD}.Debug|Any CPU.Build.0 = Debug|Any CPU
		{B1C0E1B3-E5D1-4A63-8D7C-C0FA963C54BD}.Release|Any CPU.ActiveCfg = Release|Any CPU
		{B1C0E1B3-E5D1-4A63-8D7C-C0FA963C54BD}.Release|Any CPU.Build.0 = Release|Any CPU
		{B1C0E1B3-E5D1-4A63-8D7C-C0FA963C54BD}.ViewLogicAdditionalInfo|Any CPU.ActiveCfg = Debug|Any CPU
		{B1C0E1B3-E5D1-4A63-8D7C-C0FA963C54BD}.ViewLogicAdditionalInfo|Any CPU.Build.0 = Debug|Any CPU
		{B1C0E1B3-E5D1-4A63-8D7C-C0FA963C54BD}.WPF|Any CPU.ActiveCfg = WPF|Any CPU
		{B1C0E1B3-E5D1-4A63-8D7C-C0FA963C54BD}.WPF|Any CPU.Build.0 = WPF|Any CPU
		{A53D4460-E1E3-42FE-AD83-BCB970555A5D}.Debug|Any CPU.ActiveCfg = Debug|Any CPU
		{A53D4460-E1E3-42FE-AD83-BCB970555A5D}.Debug|Any CPU.Build.0 = Debug|Any CPU
		{A53D4460-E1E3-42FE-AD83-BCB970555A5D}.Release|Any CPU.ActiveCfg = Release|Any CPU
		{A53D4460-E1E3-42FE-AD83-BCB970555A5D}.Release|Any CPU.Build.0 = Release|Any CPU
		{A53D4460-E1E3-42FE-AD83-BCB970555A5D}.ViewLogicAdditionalInfo|Any CPU.ActiveCfg = Debug|Any CPU
		{A53D4460-E1E3-42FE-AD83-BCB970555A5D}.ViewLogicAdditionalInfo|Any CPU.Build.0 = Debug|Any CPU
		{A53D4460-E1E3-42FE-AD83-BCB970555A5D}.WPF|Any CPU.ActiveCfg = WPF|Any CPU
		{A53D4460-E1E3-42FE-AD83-BCB970555A5D}.WPF|Any CPU.Build.0 = WPF|Any CPU
		{D29D993F-2FB4-408D-B3E6-26A2D1BF0D90}.Debug|Any CPU.ActiveCfg = Debug|Any CPU
		{D29D993F-2FB4-408D-B3E6-26A2D1BF0D90}.Debug|Any CPU.Build.0 = Debug|Any CPU
		{D29D993F-2FB4-408D-B3E6-26A2D1BF0D90}.Release|Any CPU.ActiveCfg = Release|Any CPU
		{D29D993F-2FB4-408D-B3E6-26A2D1BF0D90}.Release|Any CPU.Build.0 = Release|Any CPU
		{D29D993F-2FB4-408D-B3E6-26A2D1BF0D90}.ViewLogicAdditionalInfo|Any CPU.ActiveCfg = Debug|Any CPU
		{D29D993F-2FB4-408D-B3E6-26A2D1BF0D90}.ViewLogicAdditionalInfo|Any CPU.Build.0 = Debug|Any CPU
		{D29D993F-2FB4-408D-B3E6-26A2D1BF0D90}.WPF|Any CPU.ActiveCfg = WPF|Any CPU
		{D29D993F-2FB4-408D-B3E6-26A2D1BF0D90}.WPF|Any CPU.Build.0 = WPF|Any CPU
		{1A1C39EE-FA25-49CA-BB3C-D71D9E4C71FF}.Debug|Any CPU.ActiveCfg = Debug|Any CPU
		{1A1C39EE-FA25-49CA-BB3C-D71D9E4C71FF}.Debug|Any CPU.Build.0 = Debug|Any CPU
		{1A1C39EE-FA25-49CA-BB3C-D71D9E4C71FF}.Release|Any CPU.ActiveCfg = Release|Any CPU
		{1A1C39EE-FA25-49CA-BB3C-D71D9E4C71FF}.Release|Any CPU.Build.0 = Release|Any CPU
		{1A1C39EE-FA25-49CA-BB3C-D71D9E4C71FF}.ViewLogicAdditionalInfo|Any CPU.ActiveCfg = Debug|Any CPU
		{1A1C39EE-FA25-49CA-BB3C-D71D9E4C71FF}.ViewLogicAdditionalInfo|Any CPU.Build.0 = Debug|Any CPU
		{1A1C39EE-FA25-49CA-BB3C-D71D9E4C71FF}.WPF|Any CPU.ActiveCfg = WPF|Any CPU
		{1A1C39EE-FA25-49CA-BB3C-D71D9E4C71FF}.WPF|Any CPU.Build.0 = WPF|Any CPU
		{9C2FF59F-8762-4278-8BCB-28CFE0B2B85B}.Debug|Any CPU.ActiveCfg = Debug|Any CPU
		{9C2FF59F-8762-4278-8BCB-28CFE0B2B85B}.Debug|Any CPU.Build.0 = Debug|Any CPU
		{9C2FF59F-8762-4278-8BCB-28CFE0B2B85B}.Release|Any CPU.ActiveCfg = Release|Any CPU
		{9C2FF59F-8762-4278-8BCB-28CFE0B2B85B}.Release|Any CPU.Build.0 = Release|Any CPU
		{9C2FF59F-8762-4278-8BCB-28CFE0B2B85B}.ViewLogicAdditionalInfo|Any CPU.ActiveCfg = Debug|Any CPU
		{9C2FF59F-8762-4278-8BCB-28CFE0B2B85B}.ViewLogicAdditionalInfo|Any CPU.Build.0 = Debug|Any CPU
		{9C2FF59F-8762-4278-8BCB-28CFE0B2B85B}.WPF|Any CPU.ActiveCfg = WPF|Any CPU
		{9C2FF59F-8762-4278-8BCB-28CFE0B2B85B}.WPF|Any CPU.Build.0 = WPF|Any CPU
		{8A9684FE-F288-4AFD-AF4C-755A84B5F1BC}.Debug|Any CPU.ActiveCfg = Debug|Any CPU
		{8A9684FE-F288-4AFD-AF4C-755A84B5F1BC}.Debug|Any CPU.Build.0 = Debug|Any CPU
		{8A9684FE-F288-4AFD-AF4C-755A84B5F1BC}.Release|Any CPU.ActiveCfg = Release|Any CPU
		{8A9684FE-F288-4AFD-AF4C-755A84B5F1BC}.Release|Any CPU.Build.0 = Release|Any CPU
		{8A9684FE-F288-4AFD-AF4C-755A84B5F1BC}.ViewLogicAdditionalInfo|Any CPU.ActiveCfg = Debug|Any CPU
		{8A9684FE-F288-4AFD-AF4C-755A84B5F1BC}.ViewLogicAdditionalInfo|Any CPU.Build.0 = Debug|Any CPU
		{8A9684FE-F288-4AFD-AF4C-755A84B5F1BC}.WPF|Any CPU.ActiveCfg = WPF|Any CPU
		{8A9684FE-F288-4AFD-AF4C-755A84B5F1BC}.WPF|Any CPU.Build.0 = WPF|Any CPU
		{620A7F53-C16F-4B0F-9412-F68688F6F82D}.Debug|Any CPU.ActiveCfg = Debug|Any CPU
		{620A7F53-C16F-4B0F-9412-F68688F6F82D}.Debug|Any CPU.Build.0 = Debug|Any CPU
		{620A7F53-C16F-4B0F-9412-F68688F6F82D}.Release|Any CPU.ActiveCfg = Release|Any CPU
		{620A7F53-C16F-4B0F-9412-F68688F6F82D}.Release|Any CPU.Build.0 = Release|Any CPU
		{620A7F53-C16F-4B0F-9412-F68688F6F82D}.ViewLogicAdditionalInfo|Any CPU.ActiveCfg = Debug|Any CPU
		{620A7F53-C16F-4B0F-9412-F68688F6F82D}.ViewLogicAdditionalInfo|Any CPU.Build.0 = Debug|Any CPU
		{620A7F53-C16F-4B0F-9412-F68688F6F82D}.WPF|Any CPU.ActiveCfg = WPF|Any CPU
		{620A7F53-C16F-4B0F-9412-F68688F6F82D}.WPF|Any CPU.Build.0 = WPF|Any CPU
		{8677381E-953C-4BB5-8652-69D7461D217F}.Debug|Any CPU.ActiveCfg = Debug|Any CPU
		{8677381E-953C-4BB5-8652-69D7461D217F}.Debug|Any CPU.Build.0 = Debug|Any CPU
		{8677381E-953C-4BB5-8652-69D7461D217F}.Release|Any CPU.ActiveCfg = Release|Any CPU
		{8677381E-953C-4BB5-8652-69D7461D217F}.Release|Any CPU.Build.0 = Release|Any CPU
		{8677381E-953C-4BB5-8652-69D7461D217F}.ViewLogicAdditionalInfo|Any CPU.ActiveCfg = Debug|Any CPU
		{8677381E-953C-4BB5-8652-69D7461D217F}.ViewLogicAdditionalInfo|Any CPU.Build.0 = Debug|Any CPU
		{8677381E-953C-4BB5-8652-69D7461D217F}.WPF|Any CPU.ActiveCfg = WPF|Any CPU
		{8677381E-953C-4BB5-8652-69D7461D217F}.WPF|Any CPU.Build.0 = WPF|Any CPU
		{FD14E1BC-975E-4DA1-907A-1427EF11A4FE}.Debug|Any CPU.ActiveCfg = Debug|Any CPU
		{FD14E1BC-975E-4DA1-907A-1427EF11A4FE}.Debug|Any CPU.Build.0 = Debug|Any CPU
		{FD14E1BC-975E-4DA1-907A-1427EF11A4FE}.Release|Any CPU.ActiveCfg = Release|Any CPU
		{FD14E1BC-975E-4DA1-907A-1427EF11A4FE}.Release|Any CPU.Build.0 = Release|Any CPU
		{FD14E1BC-975E-4DA1-907A-1427EF11A4FE}.ViewLogicAdditionalInfo|Any CPU.ActiveCfg = Debug|Any CPU
		{FD14E1BC-975E-4DA1-907A-1427EF11A4FE}.ViewLogicAdditionalInfo|Any CPU.Build.0 = Debug|Any CPU
		{FD14E1BC-975E-4DA1-907A-1427EF11A4FE}.WPF|Any CPU.ActiveCfg = WPF|Any CPU
		{FD14E1BC-975E-4DA1-907A-1427EF11A4FE}.WPF|Any CPU.Build.0 = WPF|Any CPU
		{53C90F0C-84D1-4E08-B55A-4906DCEFDD82}.Debug|Any CPU.ActiveCfg = Debug|Any CPU
		{53C90F0C-84D1-4E08-B55A-4906DCEFDD82}.Debug|Any CPU.Build.0 = Debug|Any CPU
		{53C90F0C-84D1-4E08-B55A-4906DCEFDD82}.Release|Any CPU.ActiveCfg = Release|Any CPU
		{53C90F0C-84D1-4E08-B55A-4906DCEFDD82}.Release|Any CPU.Build.0 = Release|Any CPU
		{53C90F0C-84D1-4E08-B55A-4906DCEFDD82}.ViewLogicAdditionalInfo|Any CPU.ActiveCfg = Debug|Any CPU
		{53C90F0C-84D1-4E08-B55A-4906DCEFDD82}.ViewLogicAdditionalInfo|Any CPU.Build.0 = Debug|Any CPU
		{53C90F0C-84D1-4E08-B55A-4906DCEFDD82}.WPF|Any CPU.ActiveCfg = Debug|Any CPU
		{53C90F0C-84D1-4E08-B55A-4906DCEFDD82}.WPF|Any CPU.Build.0 = Debug|Any CPU
		{E87FD5D1-F51E-439A-BC7C-7816561AD498}.Debug|Any CPU.ActiveCfg = Debug|Any CPU
		{E87FD5D1-F51E-439A-BC7C-7816561AD498}.Debug|Any CPU.Build.0 = Debug|Any CPU
		{E87FD5D1-F51E-439A-BC7C-7816561AD498}.Release|Any CPU.ActiveCfg = Release|Any CPU
		{E87FD5D1-F51E-439A-BC7C-7816561AD498}.Release|Any CPU.Build.0 = Release|Any CPU
		{E87FD5D1-F51E-439A-BC7C-7816561AD498}.ViewLogicAdditionalInfo|Any CPU.ActiveCfg = Debug|Any CPU
		{E87FD5D1-F51E-439A-BC7C-7816561AD498}.ViewLogicAdditionalInfo|Any CPU.Build.0 = Debug|Any CPU
		{E87FD5D1-F51E-439A-BC7C-7816561AD498}.WPF|Any CPU.ActiveCfg = Debug|Any CPU
		{E87FD5D1-F51E-439A-BC7C-7816561AD498}.WPF|Any CPU.Build.0 = Debug|Any CPU
		{1865C70A-3F0D-4415-997F-0B404D75F6A9}.Debug|Any CPU.ActiveCfg = Debug|Any CPU
		{1865C70A-3F0D-4415-997F-0B404D75F6A9}.Debug|Any CPU.Build.0 = Debug|Any CPU
		{1865C70A-3F0D-4415-997F-0B404D75F6A9}.Release|Any CPU.ActiveCfg = Release|Any CPU
		{1865C70A-3F0D-4415-997F-0B404D75F6A9}.Release|Any CPU.Build.0 = Release|Any CPU
		{1865C70A-3F0D-4415-997F-0B404D75F6A9}.ViewLogicAdditionalInfo|Any CPU.ActiveCfg = Debug|Any CPU
		{1865C70A-3F0D-4415-997F-0B404D75F6A9}.ViewLogicAdditionalInfo|Any CPU.Build.0 = Debug|Any CPU
		{1865C70A-3F0D-4415-997F-0B404D75F6A9}.WPF|Any CPU.ActiveCfg = Debug|Any CPU
		{1865C70A-3F0D-4415-997F-0B404D75F6A9}.WPF|Any CPU.Build.0 = Debug|Any CPU
		{651D526A-1EED-44A1-9690-4F4B0994D719}.Debug|Any CPU.ActiveCfg = Debug|Any CPU
		{651D526A-1EED-44A1-9690-4F4B0994D719}.Debug|Any CPU.Build.0 = Debug|Any CPU
		{651D526A-1EED-44A1-9690-4F4B0994D719}.Release|Any CPU.ActiveCfg = Release|Any CPU
		{651D526A-1EED-44A1-9690-4F4B0994D719}.Release|Any CPU.Build.0 = Release|Any CPU
		{651D526A-1EED-44A1-9690-4F4B0994D719}.ViewLogicAdditionalInfo|Any CPU.ActiveCfg = Debug|Any CPU
		{651D526A-1EED-44A1-9690-4F4B0994D719}.ViewLogicAdditionalInfo|Any CPU.Build.0 = Debug|Any CPU
		{651D526A-1EED-44A1-9690-4F4B0994D719}.WPF|Any CPU.ActiveCfg = Debug|Any CPU
		{651D526A-1EED-44A1-9690-4F4B0994D719}.WPF|Any CPU.Build.0 = Debug|Any CPU
		{5F74B266-1159-4E1B-991A-29B32F449CB6}.Debug|Any CPU.ActiveCfg = Debug|Any CPU
		{5F74B266-1159-4E1B-991A-29B32F449CB6}.Debug|Any CPU.Build.0 = Debug|Any CPU
		{5F74B266-1159-4E1B-991A-29B32F449CB6}.Release|Any CPU.ActiveCfg = Release|Any CPU
		{5F74B266-1159-4E1B-991A-29B32F449CB6}.Release|Any CPU.Build.0 = Release|Any CPU
		{5F74B266-1159-4E1B-991A-29B32F449CB6}.ViewLogicAdditionalInfo|Any CPU.ActiveCfg = Debug|Any CPU
		{5F74B266-1159-4E1B-991A-29B32F449CB6}.ViewLogicAdditionalInfo|Any CPU.Build.0 = Debug|Any CPU
		{5F74B266-1159-4E1B-991A-29B32F449CB6}.WPF|Any CPU.ActiveCfg = Debug|Any CPU
		{5F74B266-1159-4E1B-991A-29B32F449CB6}.WPF|Any CPU.Build.0 = Debug|Any CPU
		{1C0D6581-487B-4DA7-A2B5-18E8CBE96158}.Debug|Any CPU.ActiveCfg = Debug|Any CPU
		{1C0D6581-487B-4DA7-A2B5-18E8CBE96158}.Debug|Any CPU.Build.0 = Debug|Any CPU
		{1C0D6581-487B-4DA7-A2B5-18E8CBE96158}.Release|Any CPU.ActiveCfg = Release|Any CPU
		{1C0D6581-487B-4DA7-A2B5-18E8CBE96158}.Release|Any CPU.Build.0 = Release|Any CPU
		{1C0D6581-487B-4DA7-A2B5-18E8CBE96158}.ViewLogicAdditionalInfo|Any CPU.ActiveCfg = Debug|Any CPU
		{1C0D6581-487B-4DA7-A2B5-18E8CBE96158}.ViewLogicAdditionalInfo|Any CPU.Build.0 = Debug|Any CPU
		{1C0D6581-487B-4DA7-A2B5-18E8CBE96158}.WPF|Any CPU.ActiveCfg = Debug|Any CPU
		{1C0D6581-487B-4DA7-A2B5-18E8CBE96158}.WPF|Any CPU.Build.0 = Debug|Any CPU
		{C985EC50-B46D-4D07-9947-5A858EB468B1}.Debug|Any CPU.ActiveCfg = Debug|Any CPU
		{C985EC50-B46D-4D07-9947-5A858EB468B1}.Debug|Any CPU.Build.0 = Debug|Any CPU
		{C985EC50-B46D-4D07-9947-5A858EB468B1}.Release|Any CPU.ActiveCfg = Release|Any CPU
		{C985EC50-B46D-4D07-9947-5A858EB468B1}.Release|Any CPU.Build.0 = Release|Any CPU
		{C985EC50-B46D-4D07-9947-5A858EB468B1}.ViewLogicAdditionalInfo|Any CPU.ActiveCfg = Debug|Any CPU
		{C985EC50-B46D-4D07-9947-5A858EB468B1}.ViewLogicAdditionalInfo|Any CPU.Build.0 = Debug|Any CPU
		{C985EC50-B46D-4D07-9947-5A858EB468B1}.WPF|Any CPU.ActiveCfg = Debug|Any CPU
		{C985EC50-B46D-4D07-9947-5A858EB468B1}.WPF|Any CPU.Build.0 = Debug|Any CPU
		{652AF702-61FB-4687-855D-FE314ABDC6ED}.Debug|Any CPU.ActiveCfg = Debug|Any CPU
		{652AF702-61FB-4687-855D-FE314ABDC6ED}.Debug|Any CPU.Build.0 = Debug|Any CPU
		{652AF702-61FB-4687-855D-FE314ABDC6ED}.Release|Any CPU.ActiveCfg = Release|Any CPU
		{652AF702-61FB-4687-855D-FE314ABDC6ED}.Release|Any CPU.Build.0 = Release|Any CPU
		{652AF702-61FB-4687-855D-FE314ABDC6ED}.ViewLogicAdditionalInfo|Any CPU.ActiveCfg = Debug|Any CPU
		{652AF702-61FB-4687-855D-FE314ABDC6ED}.ViewLogicAdditionalInfo|Any CPU.Build.0 = Debug|Any CPU
		{652AF702-61FB-4687-855D-FE314ABDC6ED}.WPF|Any CPU.ActiveCfg = Debug|Any CPU
		{652AF702-61FB-4687-855D-FE314ABDC6ED}.WPF|Any CPU.Build.0 = Debug|Any CPU
		{751D3897-D45E-4DF2-BF03-B8106E2BA725}.Debug|Any CPU.ActiveCfg = Debug|Any CPU
		{751D3897-D45E-4DF2-BF03-B8106E2BA725}.Debug|Any CPU.Build.0 = Debug|Any CPU
		{751D3897-D45E-4DF2-BF03-B8106E2BA725}.Release|Any CPU.ActiveCfg = Release|Any CPU
		{751D3897-D45E-4DF2-BF03-B8106E2BA725}.Release|Any CPU.Build.0 = Release|Any CPU
		{751D3897-D45E-4DF2-BF03-B8106E2BA725}.ViewLogicAdditionalInfo|Any CPU.ActiveCfg = Debug|Any CPU
		{751D3897-D45E-4DF2-BF03-B8106E2BA725}.ViewLogicAdditionalInfo|Any CPU.Build.0 = Debug|Any CPU
		{751D3897-D45E-4DF2-BF03-B8106E2BA725}.WPF|Any CPU.ActiveCfg = Debug|Any CPU
		{751D3897-D45E-4DF2-BF03-B8106E2BA725}.WPF|Any CPU.Build.0 = Debug|Any CPU
		{7D881D5F-4816-45B3-997D-51B24A2E9A9E}.Debug|Any CPU.ActiveCfg = Debug|Any CPU
		{7D881D5F-4816-45B3-997D-51B24A2E9A9E}.Debug|Any CPU.Build.0 = Debug|Any CPU
		{7D881D5F-4816-45B3-997D-51B24A2E9A9E}.Release|Any CPU.ActiveCfg = Release|Any CPU
		{7D881D5F-4816-45B3-997D-51B24A2E9A9E}.Release|Any CPU.Build.0 = Release|Any CPU
		{7D881D5F-4816-45B3-997D-51B24A2E9A9E}.ViewLogicAdditionalInfo|Any CPU.ActiveCfg = Debug|Any CPU
		{7D881D5F-4816-45B3-997D-51B24A2E9A9E}.ViewLogicAdditionalInfo|Any CPU.Build.0 = Debug|Any CPU
		{7D881D5F-4816-45B3-997D-51B24A2E9A9E}.WPF|Any CPU.ActiveCfg = Debug|Any CPU
		{7D881D5F-4816-45B3-997D-51B24A2E9A9E}.WPF|Any CPU.Build.0 = Debug|Any CPU
	EndGlobalSection
	GlobalSection(SolutionProperties) = preSolution
		HideSolutionNode = FALSE
	EndGlobalSection
	GlobalSection(NestedProjects) = preSolution
		{9026F9A3-C366-43DA-ABAD-8CC94A3E793F} = {3E364967-6E40-45BA-B2FF-39431F4461F2}
		{40FE2013-5DBA-4290-A497-3FDA26CB134F} = {37A8AD7E-E32B-4393-942F-2EE733F3F818}
		{39F63BEF-AF5E-4C02-B35D-534DF6AF3E04} = {42691CE7-A35B-42C8-808B-7404528A4014}
		{A2E5712E-E3F5-4FD9-B6EF-E1B44B7CC300} = {6D336344-E680-4130-8495-0D31D4A82105}
		{D4696DF0-4FB2-494A-9541-6B993DF77798} = {50126D29-BEBA-426F-992D-6215936A4100}
		{88FFF1F8-36E1-4923-AE58-FDB002E73702} = {6D336344-E680-4130-8495-0D31D4A82105}
		{18F0E058-EBCC-4E6A-9E8E-E94A8304453C} = {42691CE7-A35B-42C8-808B-7404528A4014}
		{263E74EC-019D-47FB-A653-362F84CCDE5D} = {6D336344-E680-4130-8495-0D31D4A82105}
		{581A5C15-979B-4EE9-9548-F55AD8F9EBBC} = {42691CE7-A35B-42C8-808B-7404528A4014}
		{EC757E7B-C6F7-4BD0-88D2-F647CCF9E1E2} = {42691CE7-A35B-42C8-808B-7404528A4014}
		{A75C6B0F-2021-496B-A752-D0197FC6D693} = {C4E4C189-9C01-405F-8C5C-C0EF7E061BEB}
		{EB91A8A4-69E0-4788-9D40-C8806646630C} = {4CC054A1-C725-45C0-A6B2-8AFE443A1D6D}
		{2EBBF615-3C6D-491E-92F4-CC012BBF38F2} = {4CC054A1-C725-45C0-A6B2-8AFE443A1D6D}
		{4CC054A1-C725-45C0-A6B2-8AFE443A1D6D} = {2220B5AA-D22E-469B-96B7-BB70BF58BAD6}
		{764F9862-140D-45CC-AC0B-5E0679D5747D} = {4CC054A1-C725-45C0-A6B2-8AFE443A1D6D}
		{C4E4C189-9C01-405F-8C5C-C0EF7E061BEB} = {2220B5AA-D22E-469B-96B7-BB70BF58BAD6}
		{9CB2BC8E-9910-4B8C-BA82-0ADAD8748CD5} = {3E364967-6E40-45BA-B2FF-39431F4461F2}
		{79B3D02A-BFED-48FE-897C-9A000BAE3DD3} = {3E364967-6E40-45BA-B2FF-39431F4461F2}
		{1332B714-907D-4F32-BD75-0946F0EF7309} = {C4E4C189-9C01-405F-8C5C-C0EF7E061BEB}
		{9A56103E-7CCA-4E6F-9AAB-1CB53DFDCA6A} = {3E364967-6E40-45BA-B2FF-39431F4461F2}
		{8481C54C-3A7B-4FE3-938D-646DC3DE6F0E} = {3E364967-6E40-45BA-B2FF-39431F4461F2}
		{806E409E-8D40-401A-B0AF-93DA65E5ADEA} = {3E364967-6E40-45BA-B2FF-39431F4461F2}
		{947F91D6-4F12-49FF-8754-70C9B5817873} = {3E364967-6E40-45BA-B2FF-39431F4461F2}
		{A4F718D3-B63A-42F7-AB26-E00ADE682EE5} = {3E364967-6E40-45BA-B2FF-39431F4461F2}
		{E09F4720-2E23-4738-ADC2-FBC8E1171CA3} = {3E364967-6E40-45BA-B2FF-39431F4461F2}
		{D777FB11-E655-40BD-8111-1D2BDEDE06BA} = {3E364967-6E40-45BA-B2FF-39431F4461F2}
		{BBEC58DC-0529-4E12-B85F-C191D9985B7C} = {3E364967-6E40-45BA-B2FF-39431F4461F2}
		{33DECDC1-5268-4F41-844F-669C3629A05E} = {3E364967-6E40-45BA-B2FF-39431F4461F2}
		{AA44BAEF-0BC7-446B-95AC-BA538E0B0EE1} = {3E364967-6E40-45BA-B2FF-39431F4461F2}
		{3F16251E-7E73-4C8A-B951-609FA4C2A098} = {3E364967-6E40-45BA-B2FF-39431F4461F2}
		{9C25937F-480E-4077-9CFB-845F4CF869B6} = {3E364967-6E40-45BA-B2FF-39431F4461F2}
		{93D50213-207A-402B-9B28-0CE3EE88473D} = {3E364967-6E40-45BA-B2FF-39431F4461F2}
		{340E6B3C-E2DC-4753-A661-CE12A98114E0} = {3E364967-6E40-45BA-B2FF-39431F4461F2}
		{042FA7A1-E3FE-4AB1-906B-2CCB375B635B} = {3E364967-6E40-45BA-B2FF-39431F4461F2}
		{B1C0E1B3-E5D1-4A63-8D7C-C0FA963C54BD} = {3E364967-6E40-45BA-B2FF-39431F4461F2}
		{A53D4460-E1E3-42FE-AD83-BCB970555A5D} = {42691CE7-A35B-42C8-808B-7404528A4014}
		{1A1C39EE-FA25-49CA-BB3C-D71D9E4C71FF} = {3E364967-6E40-45BA-B2FF-39431F4461F2}
		{9C2FF59F-8762-4278-8BCB-28CFE0B2B85B} = {3E364967-6E40-45BA-B2FF-39431F4461F2}
		{8A9684FE-F288-4AFD-AF4C-755A84B5F1BC} = {3E364967-6E40-45BA-B2FF-39431F4461F2}
		{620A7F53-C16F-4B0F-9412-F68688F6F82D} = {3E364967-6E40-45BA-B2FF-39431F4461F2}
		{8677381E-953C-4BB5-8652-69D7461D217F} = {3E364967-6E40-45BA-B2FF-39431F4461F2}
		{FD14E1BC-975E-4DA1-907A-1427EF11A4FE} = {3E364967-6E40-45BA-B2FF-39431F4461F2}
		{53C90F0C-84D1-4E08-B55A-4906DCEFDD82} = {3E364967-6E40-45BA-B2FF-39431F4461F2}
		{E87FD5D1-F51E-439A-BC7C-7816561AD498} = {3E364967-6E40-45BA-B2FF-39431F4461F2}
		{1865C70A-3F0D-4415-997F-0B404D75F6A9} = {3E364967-6E40-45BA-B2FF-39431F4461F2}
		{651D526A-1EED-44A1-9690-4F4B0994D719} = {3E364967-6E40-45BA-B2FF-39431F4461F2}
		{5F74B266-1159-4E1B-991A-29B32F449CB6} = {3E364967-6E40-45BA-B2FF-39431F4461F2}
		{1C0D6581-487B-4DA7-A2B5-18E8CBE96158} = {3E364967-6E40-45BA-B2FF-39431F4461F2}
		{C985EC50-B46D-4D07-9947-5A858EB468B1} = {3E364967-6E40-45BA-B2FF-39431F4461F2}
		{652AF702-61FB-4687-855D-FE314ABDC6ED} = {3E364967-6E40-45BA-B2FF-39431F4461F2}
		{751D3897-D45E-4DF2-BF03-B8106E2BA725} = {3E364967-6E40-45BA-B2FF-39431F4461F2}
		{D29D993F-2FB4-408D-B3E6-26A2D1BF0D90} = {C4E4C189-9C01-405F-8C5C-C0EF7E061BEB}
	EndGlobalSection
	GlobalSection(ExtensibilityGlobals) = postSolution
		SolutionGuid = {0B2B6BA4-9AD3-43B6-B7D9-C1CC0860820C}
	EndGlobalSection
EndGlobal
