
Microsoft Visual Studio Solution File, Format Version 12.00
# Visual Studio 14
VisualStudioVersion = 14.0.25123.0
MinimumVisualStudioVersion = 10.0.40219.1
Project("{FAE04EC0-301F-11D3-BF4B-00C04F79EFBC}") = "DatenMeister", "DatenMeister\DatenMeister.csproj", "{67F8BCA3-8438-4E91-9DEA-4189C1776E26}"
EndProject
Project("{FAE04EC0-301F-11D3-BF4B-00C04F79EFBC}") = "DatenMeister.Tests.Console", "DatenMeister.Tests.Console\DatenMeister.Tests.Console.csproj", "{92C8A98F-FC99-4301-BCB8-90CDB74B49CF}"
EndProject
Project("{FAE04EC0-301F-11D3-BF4B-00C04F79EFBC}") = "DatenMeister.Tests", "DatenMeister.Tests\DatenMeister.Tests.csproj", "{20B36121-B027-4BAC-BBF5-93E75380E6F7}"
EndProject
Project("{FAE04EC0-301F-11D3-BF4B-00C04F79EFBC}") = "DatenMeister.CSV", "DatenMeister.CSV\DatenMeister.CSV.csproj", "{39845115-F057-4641-9237-6960BB676684}"
EndProject
Project("{FAE04EC0-301F-11D3-BF4B-00C04F79EFBC}") = "DatenMeister.SourcecodeGenerator", "DatenMeister.SourcecodeGenerator\DatenMeister.SourcecodeGenerator.csproj", "{2AAE5839-DB41-429B-B7C4-B872506736C7}"
EndProject
Project("{FAE04EC0-301F-11D3-BF4B-00C04F79EFBC}") = "DatenMeister.XMI", "DatenMeister.XMI\DatenMeister.XMI.csproj", "{E44275C2-9E62-42BE-B984-127F82C1766F}"
EndProject
Project("{FAE04EC0-301F-11D3-BF4B-00C04F79EFBC}") = "ZipCodeFinder", "ZipCodeFinder\ZipCodeFinder.csproj", "{8680E50C-DF34-424D-9B41-E9E2D2304609}"
	ProjectSection(ProjectDependencies) = postProject
		{3EC1DBF5-B87F-4807-96CF-5E68801C3629} = {3EC1DBF5-B87F-4807-96CF-5E68801C3629}
	EndProjectSection
EndProject
Project("{2150E333-8FDC-42A3-9474-1A3956D46DE8}") = "Libraries", "Libraries", "{146881C7-18C8-44BB-A198-8407E8976809}"
EndProject
Project("{2150E333-8FDC-42A3-9474-1A3956D46DE8}") = "Tests", "Tests", "{0CFFB997-A46C-4297-BBE0-87ED162CF072}"
EndProject
Project("{2150E333-8FDC-42A3-9474-1A3956D46DE8}") = "Applications", "Applications", "{64CBC774-44CF-426A-9BBA-55A40B82B295}"
EndProject
Project("{FAE04EC0-301F-11D3-BF4B-00C04F79EFBC}") = "DatenMeister.Apps.ZipCode", "DatenMeister.Apps.ZipCode\DatenMeister.Apps.ZipCode.csproj", "{3EC1DBF5-B87F-4807-96CF-5E68801C3629}"
EndProject
Project("{FAE04EC0-301F-11D3-BF4B-00C04F79EFBC}") = "DatenMeister.Web", "DatenMeister.Web\DatenMeister.Web.csproj", "{200FE333-4D98-4F76-A8D6-E7C94A272FF2}"
EndProject
Project("{FAE04EC0-301F-11D3-BF4B-00C04F79EFBC}") = "DatenMeister.SourceGeneration.Console", "DatenMeister.SourceGeneration.Console\DatenMeister.SourceGeneration.Console.csproj", "{714E49CE-799E-4793-ADCC-542BFD83EAD8}"
EndProject
Project("{2150E333-8FDC-42A3-9474-1A3956D46DE8}") = "Tools", "Tools", "{EA66AB2F-77AC-4C11-95E2-45B8EC09D4EC}"
EndProject
Project("{FAE04EC0-301F-11D3-BF4B-00C04F79EFBC}") = "DatenMeister.Web.Application", "DatenMeister.Web.Application\DatenMeister.Web.Application.csproj", "{394C2EC6-8505-405E-98DB-5403BE8E1145}"
EndProject
Project("{FAE04EC0-301F-11D3-BF4B-00C04F79EFBC}") = "DatenMeister.Apps.ZipCode.AspNet", "DatenMeister.Apps.ZipCode.AspNet\DatenMeister.Apps.ZipCode.AspNet.csproj", "{ED5F12DF-C45A-4D94-941D-93D6C910A888}"
EndProject
Project("{FAE04EC0-301F-11D3-BF4B-00C04F79EFBC}") = "DatenMeister.Apps.ZipCode.Web", "DatenMeister.Apps.ZipCode.Web\DatenMeister.Apps.ZipCode.Web.csproj", "{56A5B821-42E7-46E2-B1EC-A843A576BD98}"
EndProject
Project("{FAE04EC0-301F-11D3-BF4B-00C04F79EFBC}") = "DatenMeister.Runtime", "DatenMeister.Runtime\DatenMeister.Runtime.csproj", "{4350A383-14F7-4A84-8CDF-96CA6828F8E9}"
EndProject
Project("{FAE04EC0-301F-11D3-BF4B-00C04F79EFBC}") = "DatenMeister.Integration", "DatenMeister.Integration\DatenMeister.Integration.csproj", "{DD8EA307-D685-4A7B-B726-A1C87192600D}"
EndProject
Project("{FAE04EC0-301F-11D3-BF4B-00C04F79EFBC}") = "DatenMeister.Uml", "DatenMeister.Uml\DatenMeister.Uml.csproj", "{335399D1-B533-42D2-AEA5-F398F35D8E66}"
EndProject
Project("{FAE04EC0-301F-11D3-BF4B-00C04F79EFBC}") = "DatenMeister.ManualMapping", "DatenMeister.ManualMapping\DatenMeister.ManualMapping.csproj", "{F2A1929F-7253-4EA0-8368-88EA22BB4915}"
EndProject
Project("{FAE04EC0-301F-11D3-BF4B-00C04F79EFBC}") = "DatenMeister.Provider.DotNet", "DatenMeister.Provider.DotNet\DatenMeister.Provider.DotNet.csproj", "{DE772364-F233-40E8-BA39-519D42C20686}"
EndProject
Project("{FAE04EC0-301F-11D3-BF4B-00C04F79EFBC}") = "DatenMeister.Web.Models", "DatenMeister.Web.Models\DatenMeister.Web.Models.csproj", "{5E01C76D-A969-4238-8D8C-1CB22C92DA7A}"
EndProject
Project("{2150E333-8FDC-42A3-9474-1A3956D46DE8}") = "ZipCode", "ZipCode", "{D6DAE328-9BCE-4272-80AE-083A3A3A0FFB}"
EndProject
Project("{2150E333-8FDC-42A3-9474-1A3956D46DE8}") = "TaskMeister", "TaskMeister", "{5E939A01-A1CD-4D1C-83AB-3A79AF6DA972}"
EndProject
Project("{FAE04EC0-301F-11D3-BF4B-00C04F79EFBC}") = "DatenMeister.UWP", "DatenMeister.UWP\DatenMeister.UWP.csproj", "{A458585D-5DF7-4E14-9344-BB788BE4D917}"
EndProject
Project("{FAE04EC0-301F-11D3-BF4B-00C04F79EFBC}") = "TaskMeisterLib", "..\..\taskmeister\src\TaskMeisterLib\TaskMeisterLib.csproj", "{1988DBBC-5D98-454E-8BE1-62A5E9194FA3}"
EndProject
Project("{FAE04EC0-301F-11D3-BF4B-00C04F79EFBC}") = "TaskMeister", "..\..\taskmeister\src\TaskMeister\TaskMeister.csproj", "{7226CC91-2F48-4CBD-B63A-086E690EDB1F}"
EndProject
Project("{FAE04EC0-301F-11D3-BF4B-00C04F79EFBC}") = "TaskMeister.Tests", "..\..\taskmeister\src\TaskMeister.Tests\TaskMeister.Tests.csproj", "{BAE172B2-2556-46EC-8C08-BF4A2C6EBC3D}"
EndProject
Project("{2150E333-8FDC-42A3-9474-1A3956D46DE8}") = "DatenMeister", "DatenMeister", "{60524FD1-63BB-422C-90B4-F22C792619F5}"
EndProject
Project("{2150E333-8FDC-42A3-9474-1A3956D46DE8}") = "Scripts", "Scripts", "{B5F117C3-12AE-41AA-828C-38769CAD12DE}"
	ProjectSection(SolutionItems) = preProject
		scripts\ImportDatenMeister.csx = scripts\ImportDatenMeister.csx
		scripts\LoadDatenMeister.csx = scripts\LoadDatenMeister.csx
	EndProjectSection
EndProject
Project("{FAE04EC0-301F-11D3-BF4B-00C04F79EFBC}") = "DatenMeister.Integration.DotNet", "DatenMeister.Integration.DotNet\DatenMeister.Integration.DotNet.csproj", "{DDE7E649-F341-4D2D-8F54-21F0CCDF3FB2}"
EndProject
Project("{FAE04EC0-301F-11D3-BF4B-00C04F79EFBC}") = "TaskMeister.SourceGenerator.Console", "..\..\TaskMeister\src\TaskMeister.SourceGenerator.Console\TaskMeister.SourceGenerator.Console.csproj", "{0F7A008C-D684-41FB-9AD9-3E8B70EF7764}"
EndProject
Global
	GlobalSection(SolutionConfigurationPlatforms) = preSolution
		Debug|Any CPU = Debug|Any CPU
		Debug|ARM = Debug|ARM
		Debug|x64 = Debug|x64
		Debug|x86 = Debug|x86
		Release|Any CPU = Release|Any CPU
		Release|ARM = Release|ARM
		Release|x64 = Release|x64
		Release|x86 = Release|x86
	EndGlobalSection
	GlobalSection(ProjectConfigurationPlatforms) = postSolution
		{67F8BCA3-8438-4E91-9DEA-4189C1776E26}.Debug|Any CPU.ActiveCfg = Debug|Any CPU
		{67F8BCA3-8438-4E91-9DEA-4189C1776E26}.Debug|Any CPU.Build.0 = Debug|Any CPU
		{67F8BCA3-8438-4E91-9DEA-4189C1776E26}.Debug|ARM.ActiveCfg = Debug|Any CPU
		{67F8BCA3-8438-4E91-9DEA-4189C1776E26}.Debug|ARM.Build.0 = Debug|Any CPU
		{67F8BCA3-8438-4E91-9DEA-4189C1776E26}.Debug|x64.ActiveCfg = Debug|Any CPU
		{67F8BCA3-8438-4E91-9DEA-4189C1776E26}.Debug|x64.Build.0 = Debug|Any CPU
		{67F8BCA3-8438-4E91-9DEA-4189C1776E26}.Debug|x86.ActiveCfg = Debug|x86
		{67F8BCA3-8438-4E91-9DEA-4189C1776E26}.Debug|x86.Build.0 = Debug|x86
		{67F8BCA3-8438-4E91-9DEA-4189C1776E26}.Release|Any CPU.ActiveCfg = Release|Any CPU
		{67F8BCA3-8438-4E91-9DEA-4189C1776E26}.Release|Any CPU.Build.0 = Release|Any CPU
		{67F8BCA3-8438-4E91-9DEA-4189C1776E26}.Release|ARM.ActiveCfg = Release|Any CPU
		{67F8BCA3-8438-4E91-9DEA-4189C1776E26}.Release|ARM.Build.0 = Release|Any CPU
		{67F8BCA3-8438-4E91-9DEA-4189C1776E26}.Release|x64.ActiveCfg = Release|Any CPU
		{67F8BCA3-8438-4E91-9DEA-4189C1776E26}.Release|x64.Build.0 = Release|Any CPU
		{67F8BCA3-8438-4E91-9DEA-4189C1776E26}.Release|x86.ActiveCfg = Release|Any CPU
		{67F8BCA3-8438-4E91-9DEA-4189C1776E26}.Release|x86.Build.0 = Release|Any CPU
		{92C8A98F-FC99-4301-BCB8-90CDB74B49CF}.Debug|Any CPU.ActiveCfg = Debug|Any CPU
		{92C8A98F-FC99-4301-BCB8-90CDB74B49CF}.Debug|Any CPU.Build.0 = Debug|Any CPU
		{92C8A98F-FC99-4301-BCB8-90CDB74B49CF}.Debug|ARM.ActiveCfg = Debug|Any CPU
		{92C8A98F-FC99-4301-BCB8-90CDB74B49CF}.Debug|ARM.Build.0 = Debug|Any CPU
		{92C8A98F-FC99-4301-BCB8-90CDB74B49CF}.Debug|x64.ActiveCfg = Debug|Any CPU
		{92C8A98F-FC99-4301-BCB8-90CDB74B49CF}.Debug|x64.Build.0 = Debug|Any CPU
		{92C8A98F-FC99-4301-BCB8-90CDB74B49CF}.Debug|x86.ActiveCfg = Debug|x86
		{92C8A98F-FC99-4301-BCB8-90CDB74B49CF}.Debug|x86.Build.0 = Debug|x86
		{92C8A98F-FC99-4301-BCB8-90CDB74B49CF}.Release|Any CPU.ActiveCfg = Release|Any CPU
		{92C8A98F-FC99-4301-BCB8-90CDB74B49CF}.Release|Any CPU.Build.0 = Release|Any CPU
		{92C8A98F-FC99-4301-BCB8-90CDB74B49CF}.Release|ARM.ActiveCfg = Release|Any CPU
		{92C8A98F-FC99-4301-BCB8-90CDB74B49CF}.Release|ARM.Build.0 = Release|Any CPU
		{92C8A98F-FC99-4301-BCB8-90CDB74B49CF}.Release|x64.ActiveCfg = Release|Any CPU
		{92C8A98F-FC99-4301-BCB8-90CDB74B49CF}.Release|x64.Build.0 = Release|Any CPU
		{92C8A98F-FC99-4301-BCB8-90CDB74B49CF}.Release|x86.ActiveCfg = Release|Any CPU
		{92C8A98F-FC99-4301-BCB8-90CDB74B49CF}.Release|x86.Build.0 = Release|Any CPU
		{20B36121-B027-4BAC-BBF5-93E75380E6F7}.Debug|Any CPU.ActiveCfg = Debug|Any CPU
		{20B36121-B027-4BAC-BBF5-93E75380E6F7}.Debug|Any CPU.Build.0 = Debug|Any CPU
		{20B36121-B027-4BAC-BBF5-93E75380E6F7}.Debug|ARM.ActiveCfg = Debug|Any CPU
		{20B36121-B027-4BAC-BBF5-93E75380E6F7}.Debug|ARM.Build.0 = Debug|Any CPU
		{20B36121-B027-4BAC-BBF5-93E75380E6F7}.Debug|x64.ActiveCfg = Debug|Any CPU
		{20B36121-B027-4BAC-BBF5-93E75380E6F7}.Debug|x64.Build.0 = Debug|Any CPU
		{20B36121-B027-4BAC-BBF5-93E75380E6F7}.Debug|x86.ActiveCfg = Debug|x86
		{20B36121-B027-4BAC-BBF5-93E75380E6F7}.Debug|x86.Build.0 = Debug|x86
		{20B36121-B027-4BAC-BBF5-93E75380E6F7}.Release|Any CPU.ActiveCfg = Release|Any CPU
		{20B36121-B027-4BAC-BBF5-93E75380E6F7}.Release|Any CPU.Build.0 = Release|Any CPU
		{20B36121-B027-4BAC-BBF5-93E75380E6F7}.Release|ARM.ActiveCfg = Release|Any CPU
		{20B36121-B027-4BAC-BBF5-93E75380E6F7}.Release|ARM.Build.0 = Release|Any CPU
		{20B36121-B027-4BAC-BBF5-93E75380E6F7}.Release|x64.ActiveCfg = Release|Any CPU
		{20B36121-B027-4BAC-BBF5-93E75380E6F7}.Release|x64.Build.0 = Release|Any CPU
		{20B36121-B027-4BAC-BBF5-93E75380E6F7}.Release|x86.ActiveCfg = Release|Any CPU
		{20B36121-B027-4BAC-BBF5-93E75380E6F7}.Release|x86.Build.0 = Release|Any CPU
		{39845115-F057-4641-9237-6960BB676684}.Debug|Any CPU.ActiveCfg = Debug|Any CPU
		{39845115-F057-4641-9237-6960BB676684}.Debug|Any CPU.Build.0 = Debug|Any CPU
		{39845115-F057-4641-9237-6960BB676684}.Debug|ARM.ActiveCfg = Debug|Any CPU
		{39845115-F057-4641-9237-6960BB676684}.Debug|ARM.Build.0 = Debug|Any CPU
		{39845115-F057-4641-9237-6960BB676684}.Debug|x64.ActiveCfg = Debug|Any CPU
		{39845115-F057-4641-9237-6960BB676684}.Debug|x64.Build.0 = Debug|Any CPU
		{39845115-F057-4641-9237-6960BB676684}.Debug|x86.ActiveCfg = Debug|x86
		{39845115-F057-4641-9237-6960BB676684}.Debug|x86.Build.0 = Debug|x86
		{39845115-F057-4641-9237-6960BB676684}.Release|Any CPU.ActiveCfg = Release|Any CPU
		{39845115-F057-4641-9237-6960BB676684}.Release|Any CPU.Build.0 = Release|Any CPU
		{39845115-F057-4641-9237-6960BB676684}.Release|ARM.ActiveCfg = Release|Any CPU
		{39845115-F057-4641-9237-6960BB676684}.Release|ARM.Build.0 = Release|Any CPU
		{39845115-F057-4641-9237-6960BB676684}.Release|x64.ActiveCfg = Release|Any CPU
		{39845115-F057-4641-9237-6960BB676684}.Release|x64.Build.0 = Release|Any CPU
		{39845115-F057-4641-9237-6960BB676684}.Release|x86.ActiveCfg = Release|Any CPU
		{39845115-F057-4641-9237-6960BB676684}.Release|x86.Build.0 = Release|Any CPU
		{2AAE5839-DB41-429B-B7C4-B872506736C7}.Debug|Any CPU.ActiveCfg = Debug|Any CPU
		{2AAE5839-DB41-429B-B7C4-B872506736C7}.Debug|Any CPU.Build.0 = Debug|Any CPU
		{2AAE5839-DB41-429B-B7C4-B872506736C7}.Debug|ARM.ActiveCfg = Debug|Any CPU
		{2AAE5839-DB41-429B-B7C4-B872506736C7}.Debug|ARM.Build.0 = Debug|Any CPU
		{2AAE5839-DB41-429B-B7C4-B872506736C7}.Debug|x64.ActiveCfg = Debug|Any CPU
		{2AAE5839-DB41-429B-B7C4-B872506736C7}.Debug|x64.Build.0 = Debug|Any CPU
		{2AAE5839-DB41-429B-B7C4-B872506736C7}.Debug|x86.ActiveCfg = Debug|x86
		{2AAE5839-DB41-429B-B7C4-B872506736C7}.Debug|x86.Build.0 = Debug|x86
		{2AAE5839-DB41-429B-B7C4-B872506736C7}.Release|Any CPU.ActiveCfg = Release|Any CPU
		{2AAE5839-DB41-429B-B7C4-B872506736C7}.Release|Any CPU.Build.0 = Release|Any CPU
		{2AAE5839-DB41-429B-B7C4-B872506736C7}.Release|ARM.ActiveCfg = Release|Any CPU
		{2AAE5839-DB41-429B-B7C4-B872506736C7}.Release|ARM.Build.0 = Release|Any CPU
		{2AAE5839-DB41-429B-B7C4-B872506736C7}.Release|x64.ActiveCfg = Release|Any CPU
		{2AAE5839-DB41-429B-B7C4-B872506736C7}.Release|x64.Build.0 = Release|Any CPU
		{2AAE5839-DB41-429B-B7C4-B872506736C7}.Release|x86.ActiveCfg = Release|Any CPU
		{2AAE5839-DB41-429B-B7C4-B872506736C7}.Release|x86.Build.0 = Release|Any CPU
		{E44275C2-9E62-42BE-B984-127F82C1766F}.Debug|Any CPU.ActiveCfg = Debug|Any CPU
		{E44275C2-9E62-42BE-B984-127F82C1766F}.Debug|Any CPU.Build.0 = Debug|Any CPU
		{E44275C2-9E62-42BE-B984-127F82C1766F}.Debug|ARM.ActiveCfg = Debug|Any CPU
		{E44275C2-9E62-42BE-B984-127F82C1766F}.Debug|ARM.Build.0 = Debug|Any CPU
		{E44275C2-9E62-42BE-B984-127F82C1766F}.Debug|x64.ActiveCfg = Debug|Any CPU
		{E44275C2-9E62-42BE-B984-127F82C1766F}.Debug|x64.Build.0 = Debug|Any CPU
		{E44275C2-9E62-42BE-B984-127F82C1766F}.Debug|x86.ActiveCfg = Debug|x86
		{E44275C2-9E62-42BE-B984-127F82C1766F}.Debug|x86.Build.0 = Debug|x86
		{E44275C2-9E62-42BE-B984-127F82C1766F}.Release|Any CPU.ActiveCfg = Release|Any CPU
		{E44275C2-9E62-42BE-B984-127F82C1766F}.Release|Any CPU.Build.0 = Release|Any CPU
		{E44275C2-9E62-42BE-B984-127F82C1766F}.Release|ARM.ActiveCfg = Release|Any CPU
		{E44275C2-9E62-42BE-B984-127F82C1766F}.Release|ARM.Build.0 = Release|Any CPU
		{E44275C2-9E62-42BE-B984-127F82C1766F}.Release|x64.ActiveCfg = Release|Any CPU
		{E44275C2-9E62-42BE-B984-127F82C1766F}.Release|x64.Build.0 = Release|Any CPU
		{E44275C2-9E62-42BE-B984-127F82C1766F}.Release|x86.ActiveCfg = Release|Any CPU
		{E44275C2-9E62-42BE-B984-127F82C1766F}.Release|x86.Build.0 = Release|Any CPU
		{8680E50C-DF34-424D-9B41-E9E2D2304609}.Debug|Any CPU.ActiveCfg = Debug|x86
		{8680E50C-DF34-424D-9B41-E9E2D2304609}.Debug|Any CPU.Build.0 = Debug|x86
		{8680E50C-DF34-424D-9B41-E9E2D2304609}.Debug|Any CPU.Deploy.0 = Debug|x86
		{8680E50C-DF34-424D-9B41-E9E2D2304609}.Debug|ARM.ActiveCfg = Debug|ARM
		{8680E50C-DF34-424D-9B41-E9E2D2304609}.Debug|ARM.Build.0 = Debug|ARM
		{8680E50C-DF34-424D-9B41-E9E2D2304609}.Debug|ARM.Deploy.0 = Debug|ARM
		{8680E50C-DF34-424D-9B41-E9E2D2304609}.Debug|x64.ActiveCfg = Debug|x64
		{8680E50C-DF34-424D-9B41-E9E2D2304609}.Debug|x64.Build.0 = Debug|x64
		{8680E50C-DF34-424D-9B41-E9E2D2304609}.Debug|x64.Deploy.0 = Debug|x64
		{8680E50C-DF34-424D-9B41-E9E2D2304609}.Debug|x86.ActiveCfg = Debug|x86
		{8680E50C-DF34-424D-9B41-E9E2D2304609}.Debug|x86.Build.0 = Debug|x86
		{8680E50C-DF34-424D-9B41-E9E2D2304609}.Debug|x86.Deploy.0 = Debug|x86
		{8680E50C-DF34-424D-9B41-E9E2D2304609}.Release|Any CPU.ActiveCfg = Release|x86
		{8680E50C-DF34-424D-9B41-E9E2D2304609}.Release|ARM.ActiveCfg = Release|ARM
		{8680E50C-DF34-424D-9B41-E9E2D2304609}.Release|ARM.Build.0 = Release|ARM
		{8680E50C-DF34-424D-9B41-E9E2D2304609}.Release|ARM.Deploy.0 = Release|ARM
		{8680E50C-DF34-424D-9B41-E9E2D2304609}.Release|x64.ActiveCfg = Release|x64
		{8680E50C-DF34-424D-9B41-E9E2D2304609}.Release|x64.Build.0 = Release|x64
		{8680E50C-DF34-424D-9B41-E9E2D2304609}.Release|x64.Deploy.0 = Release|x64
		{8680E50C-DF34-424D-9B41-E9E2D2304609}.Release|x86.ActiveCfg = Release|x86
		{8680E50C-DF34-424D-9B41-E9E2D2304609}.Release|x86.Build.0 = Release|x86
		{8680E50C-DF34-424D-9B41-E9E2D2304609}.Release|x86.Deploy.0 = Release|x86
		{3EC1DBF5-B87F-4807-96CF-5E68801C3629}.Debug|Any CPU.ActiveCfg = Debug|Any CPU
		{3EC1DBF5-B87F-4807-96CF-5E68801C3629}.Debug|Any CPU.Build.0 = Debug|Any CPU
		{3EC1DBF5-B87F-4807-96CF-5E68801C3629}.Debug|ARM.ActiveCfg = Debug|Any CPU
		{3EC1DBF5-B87F-4807-96CF-5E68801C3629}.Debug|ARM.Build.0 = Debug|Any CPU
		{3EC1DBF5-B87F-4807-96CF-5E68801C3629}.Debug|x64.ActiveCfg = Debug|Any CPU
		{3EC1DBF5-B87F-4807-96CF-5E68801C3629}.Debug|x64.Build.0 = Debug|Any CPU
		{3EC1DBF5-B87F-4807-96CF-5E68801C3629}.Debug|x86.ActiveCfg = Debug|x86
		{3EC1DBF5-B87F-4807-96CF-5E68801C3629}.Debug|x86.Build.0 = Debug|x86
		{3EC1DBF5-B87F-4807-96CF-5E68801C3629}.Release|Any CPU.ActiveCfg = Release|Any CPU
		{3EC1DBF5-B87F-4807-96CF-5E68801C3629}.Release|Any CPU.Build.0 = Release|Any CPU
		{3EC1DBF5-B87F-4807-96CF-5E68801C3629}.Release|ARM.ActiveCfg = Release|Any CPU
		{3EC1DBF5-B87F-4807-96CF-5E68801C3629}.Release|ARM.Build.0 = Release|Any CPU
		{3EC1DBF5-B87F-4807-96CF-5E68801C3629}.Release|x64.ActiveCfg = Release|Any CPU
		{3EC1DBF5-B87F-4807-96CF-5E68801C3629}.Release|x64.Build.0 = Release|Any CPU
		{3EC1DBF5-B87F-4807-96CF-5E68801C3629}.Release|x86.ActiveCfg = Release|Any CPU
		{3EC1DBF5-B87F-4807-96CF-5E68801C3629}.Release|x86.Build.0 = Release|Any CPU
		{200FE333-4D98-4F76-A8D6-E7C94A272FF2}.Debug|Any CPU.ActiveCfg = Debug|Any CPU
		{200FE333-4D98-4F76-A8D6-E7C94A272FF2}.Debug|Any CPU.Build.0 = Debug|Any CPU
		{200FE333-4D98-4F76-A8D6-E7C94A272FF2}.Debug|ARM.ActiveCfg = Debug|Any CPU
		{200FE333-4D98-4F76-A8D6-E7C94A272FF2}.Debug|ARM.Build.0 = Debug|Any CPU
		{200FE333-4D98-4F76-A8D6-E7C94A272FF2}.Debug|x64.ActiveCfg = Debug|Any CPU
		{200FE333-4D98-4F76-A8D6-E7C94A272FF2}.Debug|x64.Build.0 = Debug|Any CPU
		{200FE333-4D98-4F76-A8D6-E7C94A272FF2}.Debug|x86.ActiveCfg = Debug|x86
		{200FE333-4D98-4F76-A8D6-E7C94A272FF2}.Debug|x86.Build.0 = Debug|x86
		{200FE333-4D98-4F76-A8D6-E7C94A272FF2}.Release|Any CPU.ActiveCfg = Release|Any CPU
		{200FE333-4D98-4F76-A8D6-E7C94A272FF2}.Release|Any CPU.Build.0 = Release|Any CPU
		{200FE333-4D98-4F76-A8D6-E7C94A272FF2}.Release|ARM.ActiveCfg = Release|Any CPU
		{200FE333-4D98-4F76-A8D6-E7C94A272FF2}.Release|ARM.Build.0 = Release|Any CPU
		{200FE333-4D98-4F76-A8D6-E7C94A272FF2}.Release|x64.ActiveCfg = Release|Any CPU
		{200FE333-4D98-4F76-A8D6-E7C94A272FF2}.Release|x64.Build.0 = Release|Any CPU
		{200FE333-4D98-4F76-A8D6-E7C94A272FF2}.Release|x86.ActiveCfg = Release|Any CPU
		{200FE333-4D98-4F76-A8D6-E7C94A272FF2}.Release|x86.Build.0 = Release|Any CPU
		{714E49CE-799E-4793-ADCC-542BFD83EAD8}.Debug|Any CPU.ActiveCfg = Debug|Any CPU
		{714E49CE-799E-4793-ADCC-542BFD83EAD8}.Debug|Any CPU.Build.0 = Debug|Any CPU
		{714E49CE-799E-4793-ADCC-542BFD83EAD8}.Debug|ARM.ActiveCfg = Debug|Any CPU
		{714E49CE-799E-4793-ADCC-542BFD83EAD8}.Debug|ARM.Build.0 = Debug|Any CPU
		{714E49CE-799E-4793-ADCC-542BFD83EAD8}.Debug|x64.ActiveCfg = Debug|Any CPU
		{714E49CE-799E-4793-ADCC-542BFD83EAD8}.Debug|x64.Build.0 = Debug|Any CPU
		{714E49CE-799E-4793-ADCC-542BFD83EAD8}.Debug|x86.ActiveCfg = Debug|x86
		{714E49CE-799E-4793-ADCC-542BFD83EAD8}.Debug|x86.Build.0 = Debug|x86
		{714E49CE-799E-4793-ADCC-542BFD83EAD8}.Release|Any CPU.ActiveCfg = Release|Any CPU
		{714E49CE-799E-4793-ADCC-542BFD83EAD8}.Release|Any CPU.Build.0 = Release|Any CPU
		{714E49CE-799E-4793-ADCC-542BFD83EAD8}.Release|ARM.ActiveCfg = Release|Any CPU
		{714E49CE-799E-4793-ADCC-542BFD83EAD8}.Release|ARM.Build.0 = Release|Any CPU
		{714E49CE-799E-4793-ADCC-542BFD83EAD8}.Release|x64.ActiveCfg = Release|Any CPU
		{714E49CE-799E-4793-ADCC-542BFD83EAD8}.Release|x64.Build.0 = Release|Any CPU
		{714E49CE-799E-4793-ADCC-542BFD83EAD8}.Release|x86.ActiveCfg = Release|Any CPU
		{714E49CE-799E-4793-ADCC-542BFD83EAD8}.Release|x86.Build.0 = Release|Any CPU
		{394C2EC6-8505-405E-98DB-5403BE8E1145}.Debug|Any CPU.ActiveCfg = Debug|Any CPU
		{394C2EC6-8505-405E-98DB-5403BE8E1145}.Debug|Any CPU.Build.0 = Debug|Any CPU
		{394C2EC6-8505-405E-98DB-5403BE8E1145}.Debug|ARM.ActiveCfg = Debug|Any CPU
		{394C2EC6-8505-405E-98DB-5403BE8E1145}.Debug|ARM.Build.0 = Debug|Any CPU
		{394C2EC6-8505-405E-98DB-5403BE8E1145}.Debug|x64.ActiveCfg = Debug|Any CPU
		{394C2EC6-8505-405E-98DB-5403BE8E1145}.Debug|x64.Build.0 = Debug|Any CPU
		{394C2EC6-8505-405E-98DB-5403BE8E1145}.Debug|x86.ActiveCfg = Debug|x86
		{394C2EC6-8505-405E-98DB-5403BE8E1145}.Debug|x86.Build.0 = Debug|x86
		{394C2EC6-8505-405E-98DB-5403BE8E1145}.Release|Any CPU.ActiveCfg = Release|Any CPU
		{394C2EC6-8505-405E-98DB-5403BE8E1145}.Release|Any CPU.Build.0 = Release|Any CPU
		{394C2EC6-8505-405E-98DB-5403BE8E1145}.Release|ARM.ActiveCfg = Release|Any CPU
		{394C2EC6-8505-405E-98DB-5403BE8E1145}.Release|ARM.Build.0 = Release|Any CPU
		{394C2EC6-8505-405E-98DB-5403BE8E1145}.Release|x64.ActiveCfg = Release|Any CPU
		{394C2EC6-8505-405E-98DB-5403BE8E1145}.Release|x64.Build.0 = Release|Any CPU
		{394C2EC6-8505-405E-98DB-5403BE8E1145}.Release|x86.ActiveCfg = Release|Any CPU
		{394C2EC6-8505-405E-98DB-5403BE8E1145}.Release|x86.Build.0 = Release|Any CPU
		{ED5F12DF-C45A-4D94-941D-93D6C910A888}.Debug|Any CPU.ActiveCfg = Debug|Any CPU
		{ED5F12DF-C45A-4D94-941D-93D6C910A888}.Debug|Any CPU.Build.0 = Debug|Any CPU
		{ED5F12DF-C45A-4D94-941D-93D6C910A888}.Debug|ARM.ActiveCfg = Debug|Any CPU
		{ED5F12DF-C45A-4D94-941D-93D6C910A888}.Debug|ARM.Build.0 = Debug|Any CPU
		{ED5F12DF-C45A-4D94-941D-93D6C910A888}.Debug|x64.ActiveCfg = Debug|Any CPU
		{ED5F12DF-C45A-4D94-941D-93D6C910A888}.Debug|x64.Build.0 = Debug|Any CPU
		{ED5F12DF-C45A-4D94-941D-93D6C910A888}.Debug|x86.ActiveCfg = Debug|Any CPU
		{ED5F12DF-C45A-4D94-941D-93D6C910A888}.Debug|x86.Build.0 = Debug|Any CPU
		{ED5F12DF-C45A-4D94-941D-93D6C910A888}.Release|Any CPU.ActiveCfg = Release|Any CPU
		{ED5F12DF-C45A-4D94-941D-93D6C910A888}.Release|Any CPU.Build.0 = Release|Any CPU
		{ED5F12DF-C45A-4D94-941D-93D6C910A888}.Release|ARM.ActiveCfg = Release|Any CPU
		{ED5F12DF-C45A-4D94-941D-93D6C910A888}.Release|ARM.Build.0 = Release|Any CPU
		{ED5F12DF-C45A-4D94-941D-93D6C910A888}.Release|x64.ActiveCfg = Release|Any CPU
		{ED5F12DF-C45A-4D94-941D-93D6C910A888}.Release|x64.Build.0 = Release|Any CPU
		{ED5F12DF-C45A-4D94-941D-93D6C910A888}.Release|x86.ActiveCfg = Release|Any CPU
		{ED5F12DF-C45A-4D94-941D-93D6C910A888}.Release|x86.Build.0 = Release|Any CPU
		{56A5B821-42E7-46E2-B1EC-A843A576BD98}.Debug|Any CPU.ActiveCfg = Debug|Any CPU
		{56A5B821-42E7-46E2-B1EC-A843A576BD98}.Debug|Any CPU.Build.0 = Debug|Any CPU
		{56A5B821-42E7-46E2-B1EC-A843A576BD98}.Debug|ARM.ActiveCfg = Debug|Any CPU
		{56A5B821-42E7-46E2-B1EC-A843A576BD98}.Debug|ARM.Build.0 = Debug|Any CPU
		{56A5B821-42E7-46E2-B1EC-A843A576BD98}.Debug|x64.ActiveCfg = Debug|Any CPU
		{56A5B821-42E7-46E2-B1EC-A843A576BD98}.Debug|x64.Build.0 = Debug|Any CPU
		{56A5B821-42E7-46E2-B1EC-A843A576BD98}.Debug|x86.ActiveCfg = Debug|Any CPU
		{56A5B821-42E7-46E2-B1EC-A843A576BD98}.Debug|x86.Build.0 = Debug|Any CPU
		{56A5B821-42E7-46E2-B1EC-A843A576BD98}.Release|Any CPU.ActiveCfg = Release|Any CPU
		{56A5B821-42E7-46E2-B1EC-A843A576BD98}.Release|Any CPU.Build.0 = Release|Any CPU
		{56A5B821-42E7-46E2-B1EC-A843A576BD98}.Release|ARM.ActiveCfg = Release|Any CPU
		{56A5B821-42E7-46E2-B1EC-A843A576BD98}.Release|ARM.Build.0 = Release|Any CPU
		{56A5B821-42E7-46E2-B1EC-A843A576BD98}.Release|x64.ActiveCfg = Release|Any CPU
		{56A5B821-42E7-46E2-B1EC-A843A576BD98}.Release|x64.Build.0 = Release|Any CPU
		{56A5B821-42E7-46E2-B1EC-A843A576BD98}.Release|x86.ActiveCfg = Release|Any CPU
		{56A5B821-42E7-46E2-B1EC-A843A576BD98}.Release|x86.Build.0 = Release|Any CPU
		{4350A383-14F7-4A84-8CDF-96CA6828F8E9}.Debug|Any CPU.ActiveCfg = Debug|Any CPU
		{4350A383-14F7-4A84-8CDF-96CA6828F8E9}.Debug|Any CPU.Build.0 = Debug|Any CPU
		{4350A383-14F7-4A84-8CDF-96CA6828F8E9}.Debug|ARM.ActiveCfg = Debug|Any CPU
		{4350A383-14F7-4A84-8CDF-96CA6828F8E9}.Debug|ARM.Build.0 = Debug|Any CPU
		{4350A383-14F7-4A84-8CDF-96CA6828F8E9}.Debug|x64.ActiveCfg = Debug|Any CPU
		{4350A383-14F7-4A84-8CDF-96CA6828F8E9}.Debug|x64.Build.0 = Debug|Any CPU
		{4350A383-14F7-4A84-8CDF-96CA6828F8E9}.Debug|x86.ActiveCfg = Debug|x86
		{4350A383-14F7-4A84-8CDF-96CA6828F8E9}.Debug|x86.Build.0 = Debug|x86
		{4350A383-14F7-4A84-8CDF-96CA6828F8E9}.Release|Any CPU.ActiveCfg = Release|Any CPU
		{4350A383-14F7-4A84-8CDF-96CA6828F8E9}.Release|Any CPU.Build.0 = Release|Any CPU
		{4350A383-14F7-4A84-8CDF-96CA6828F8E9}.Release|ARM.ActiveCfg = Release|Any CPU
		{4350A383-14F7-4A84-8CDF-96CA6828F8E9}.Release|ARM.Build.0 = Release|Any CPU
		{4350A383-14F7-4A84-8CDF-96CA6828F8E9}.Release|x64.ActiveCfg = Release|Any CPU
		{4350A383-14F7-4A84-8CDF-96CA6828F8E9}.Release|x64.Build.0 = Release|Any CPU
		{4350A383-14F7-4A84-8CDF-96CA6828F8E9}.Release|x86.ActiveCfg = Release|Any CPU
		{4350A383-14F7-4A84-8CDF-96CA6828F8E9}.Release|x86.Build.0 = Release|Any CPU
		{DD8EA307-D685-4A7B-B726-A1C87192600D}.Debug|Any CPU.ActiveCfg = Debug|Any CPU
		{DD8EA307-D685-4A7B-B726-A1C87192600D}.Debug|Any CPU.Build.0 = Debug|Any CPU
		{DD8EA307-D685-4A7B-B726-A1C87192600D}.Debug|ARM.ActiveCfg = Debug|Any CPU
		{DD8EA307-D685-4A7B-B726-A1C87192600D}.Debug|ARM.Build.0 = Debug|Any CPU
		{DD8EA307-D685-4A7B-B726-A1C87192600D}.Debug|x64.ActiveCfg = Debug|Any CPU
		{DD8EA307-D685-4A7B-B726-A1C87192600D}.Debug|x64.Build.0 = Debug|Any CPU
		{DD8EA307-D685-4A7B-B726-A1C87192600D}.Debug|x86.ActiveCfg = Debug|Any CPU
		{DD8EA307-D685-4A7B-B726-A1C87192600D}.Debug|x86.Build.0 = Debug|Any CPU
		{DD8EA307-D685-4A7B-B726-A1C87192600D}.Release|Any CPU.ActiveCfg = Release|Any CPU
		{DD8EA307-D685-4A7B-B726-A1C87192600D}.Release|Any CPU.Build.0 = Release|Any CPU
		{DD8EA307-D685-4A7B-B726-A1C87192600D}.Release|ARM.ActiveCfg = Release|Any CPU
		{DD8EA307-D685-4A7B-B726-A1C87192600D}.Release|ARM.Build.0 = Release|Any CPU
		{DD8EA307-D685-4A7B-B726-A1C87192600D}.Release|x64.ActiveCfg = Release|Any CPU
		{DD8EA307-D685-4A7B-B726-A1C87192600D}.Release|x64.Build.0 = Release|Any CPU
		{DD8EA307-D685-4A7B-B726-A1C87192600D}.Release|x86.ActiveCfg = Release|Any CPU
		{DD8EA307-D685-4A7B-B726-A1C87192600D}.Release|x86.Build.0 = Release|Any CPU
		{335399D1-B533-42D2-AEA5-F398F35D8E66}.Debug|Any CPU.ActiveCfg = Debug|Any CPU
		{335399D1-B533-42D2-AEA5-F398F35D8E66}.Debug|Any CPU.Build.0 = Debug|Any CPU
		{335399D1-B533-42D2-AEA5-F398F35D8E66}.Debug|ARM.ActiveCfg = Debug|Any CPU
		{335399D1-B533-42D2-AEA5-F398F35D8E66}.Debug|ARM.Build.0 = Debug|Any CPU
		{335399D1-B533-42D2-AEA5-F398F35D8E66}.Debug|x64.ActiveCfg = Debug|Any CPU
		{335399D1-B533-42D2-AEA5-F398F35D8E66}.Debug|x64.Build.0 = Debug|Any CPU
		{335399D1-B533-42D2-AEA5-F398F35D8E66}.Debug|x86.ActiveCfg = Debug|x86
		{335399D1-B533-42D2-AEA5-F398F35D8E66}.Debug|x86.Build.0 = Debug|x86
		{335399D1-B533-42D2-AEA5-F398F35D8E66}.Release|Any CPU.ActiveCfg = Release|Any CPU
		{335399D1-B533-42D2-AEA5-F398F35D8E66}.Release|Any CPU.Build.0 = Release|Any CPU
		{335399D1-B533-42D2-AEA5-F398F35D8E66}.Release|ARM.ActiveCfg = Release|Any CPU
		{335399D1-B533-42D2-AEA5-F398F35D8E66}.Release|ARM.Build.0 = Release|Any CPU
		{335399D1-B533-42D2-AEA5-F398F35D8E66}.Release|x64.ActiveCfg = Release|Any CPU
		{335399D1-B533-42D2-AEA5-F398F35D8E66}.Release|x64.Build.0 = Release|Any CPU
		{335399D1-B533-42D2-AEA5-F398F35D8E66}.Release|x86.ActiveCfg = Release|Any CPU
		{335399D1-B533-42D2-AEA5-F398F35D8E66}.Release|x86.Build.0 = Release|Any CPU
		{F2A1929F-7253-4EA0-8368-88EA22BB4915}.Debug|Any CPU.ActiveCfg = Debug|Any CPU
		{F2A1929F-7253-4EA0-8368-88EA22BB4915}.Debug|Any CPU.Build.0 = Debug|Any CPU
		{F2A1929F-7253-4EA0-8368-88EA22BB4915}.Debug|ARM.ActiveCfg = Debug|Any CPU
		{F2A1929F-7253-4EA0-8368-88EA22BB4915}.Debug|ARM.Build.0 = Debug|Any CPU
		{F2A1929F-7253-4EA0-8368-88EA22BB4915}.Debug|x64.ActiveCfg = Debug|Any CPU
		{F2A1929F-7253-4EA0-8368-88EA22BB4915}.Debug|x64.Build.0 = Debug|Any CPU
		{F2A1929F-7253-4EA0-8368-88EA22BB4915}.Debug|x86.ActiveCfg = Debug|x86
		{F2A1929F-7253-4EA0-8368-88EA22BB4915}.Debug|x86.Build.0 = Debug|x86
		{F2A1929F-7253-4EA0-8368-88EA22BB4915}.Release|Any CPU.ActiveCfg = Release|Any CPU
		{F2A1929F-7253-4EA0-8368-88EA22BB4915}.Release|Any CPU.Build.0 = Release|Any CPU
		{F2A1929F-7253-4EA0-8368-88EA22BB4915}.Release|ARM.ActiveCfg = Release|Any CPU
		{F2A1929F-7253-4EA0-8368-88EA22BB4915}.Release|ARM.Build.0 = Release|Any CPU
		{F2A1929F-7253-4EA0-8368-88EA22BB4915}.Release|x64.ActiveCfg = Release|Any CPU
		{F2A1929F-7253-4EA0-8368-88EA22BB4915}.Release|x64.Build.0 = Release|Any CPU
		{F2A1929F-7253-4EA0-8368-88EA22BB4915}.Release|x86.ActiveCfg = Release|Any CPU
		{F2A1929F-7253-4EA0-8368-88EA22BB4915}.Release|x86.Build.0 = Release|Any CPU
		{DE772364-F233-40E8-BA39-519D42C20686}.Debug|Any CPU.ActiveCfg = Debug|Any CPU
		{DE772364-F233-40E8-BA39-519D42C20686}.Debug|Any CPU.Build.0 = Debug|Any CPU
		{DE772364-F233-40E8-BA39-519D42C20686}.Debug|ARM.ActiveCfg = Debug|Any CPU
		{DE772364-F233-40E8-BA39-519D42C20686}.Debug|ARM.Build.0 = Debug|Any CPU
		{DE772364-F233-40E8-BA39-519D42C20686}.Debug|x64.ActiveCfg = Debug|Any CPU
		{DE772364-F233-40E8-BA39-519D42C20686}.Debug|x64.Build.0 = Debug|Any CPU
		{DE772364-F233-40E8-BA39-519D42C20686}.Debug|x86.ActiveCfg = Debug|x86
		{DE772364-F233-40E8-BA39-519D42C20686}.Debug|x86.Build.0 = Debug|x86
		{DE772364-F233-40E8-BA39-519D42C20686}.Release|Any CPU.ActiveCfg = Release|Any CPU
		{DE772364-F233-40E8-BA39-519D42C20686}.Release|Any CPU.Build.0 = Release|Any CPU
		{DE772364-F233-40E8-BA39-519D42C20686}.Release|ARM.ActiveCfg = Release|Any CPU
		{DE772364-F233-40E8-BA39-519D42C20686}.Release|ARM.Build.0 = Release|Any CPU
		{DE772364-F233-40E8-BA39-519D42C20686}.Release|x64.ActiveCfg = Release|Any CPU
		{DE772364-F233-40E8-BA39-519D42C20686}.Release|x64.Build.0 = Release|Any CPU
		{DE772364-F233-40E8-BA39-519D42C20686}.Release|x86.ActiveCfg = Release|Any CPU
		{DE772364-F233-40E8-BA39-519D42C20686}.Release|x86.Build.0 = Release|Any CPU
		{5E01C76D-A969-4238-8D8C-1CB22C92DA7A}.Debug|Any CPU.ActiveCfg = Debug|Any CPU
		{5E01C76D-A969-4238-8D8C-1CB22C92DA7A}.Debug|Any CPU.Build.0 = Debug|Any CPU
		{5E01C76D-A969-4238-8D8C-1CB22C92DA7A}.Debug|ARM.ActiveCfg = Debug|Any CPU
		{5E01C76D-A969-4238-8D8C-1CB22C92DA7A}.Debug|ARM.Build.0 = Debug|Any CPU
		{5E01C76D-A969-4238-8D8C-1CB22C92DA7A}.Debug|x64.ActiveCfg = Debug|Any CPU
		{5E01C76D-A969-4238-8D8C-1CB22C92DA7A}.Debug|x64.Build.0 = Debug|Any CPU
		{5E01C76D-A969-4238-8D8C-1CB22C92DA7A}.Debug|x86.ActiveCfg = Debug|x86
		{5E01C76D-A969-4238-8D8C-1CB22C92DA7A}.Debug|x86.Build.0 = Debug|x86
		{5E01C76D-A969-4238-8D8C-1CB22C92DA7A}.Release|Any CPU.ActiveCfg = Release|Any CPU
		{5E01C76D-A969-4238-8D8C-1CB22C92DA7A}.Release|Any CPU.Build.0 = Release|Any CPU
		{5E01C76D-A969-4238-8D8C-1CB22C92DA7A}.Release|ARM.ActiveCfg = Release|Any CPU
		{5E01C76D-A969-4238-8D8C-1CB22C92DA7A}.Release|ARM.Build.0 = Release|Any CPU
		{5E01C76D-A969-4238-8D8C-1CB22C92DA7A}.Release|x64.ActiveCfg = Release|Any CPU
		{5E01C76D-A969-4238-8D8C-1CB22C92DA7A}.Release|x64.Build.0 = Release|Any CPU
		{5E01C76D-A969-4238-8D8C-1CB22C92DA7A}.Release|x86.ActiveCfg = Release|Any CPU
		{5E01C76D-A969-4238-8D8C-1CB22C92DA7A}.Release|x86.Build.0 = Release|Any CPU
		{A458585D-5DF7-4E14-9344-BB788BE4D917}.Debug|Any CPU.ActiveCfg = Debug|Any CPU
		{A458585D-5DF7-4E14-9344-BB788BE4D917}.Debug|Any CPU.Build.0 = Debug|Any CPU
		{A458585D-5DF7-4E14-9344-BB788BE4D917}.Debug|ARM.ActiveCfg = Debug|ARM
		{A458585D-5DF7-4E14-9344-BB788BE4D917}.Debug|ARM.Build.0 = Debug|ARM
		{A458585D-5DF7-4E14-9344-BB788BE4D917}.Debug|x64.ActiveCfg = Debug|x64
		{A458585D-5DF7-4E14-9344-BB788BE4D917}.Debug|x64.Build.0 = Debug|x64
		{A458585D-5DF7-4E14-9344-BB788BE4D917}.Debug|x86.ActiveCfg = Debug|x86
		{A458585D-5DF7-4E14-9344-BB788BE4D917}.Debug|x86.Build.0 = Debug|x86
		{A458585D-5DF7-4E14-9344-BB788BE4D917}.Release|Any CPU.ActiveCfg = Release|Any CPU
		{A458585D-5DF7-4E14-9344-BB788BE4D917}.Release|Any CPU.Build.0 = Release|Any CPU
		{A458585D-5DF7-4E14-9344-BB788BE4D917}.Release|ARM.ActiveCfg = Release|ARM
		{A458585D-5DF7-4E14-9344-BB788BE4D917}.Release|ARM.Build.0 = Release|ARM
		{A458585D-5DF7-4E14-9344-BB788BE4D917}.Release|x64.ActiveCfg = Release|x64
		{A458585D-5DF7-4E14-9344-BB788BE4D917}.Release|x64.Build.0 = Release|x64
		{A458585D-5DF7-4E14-9344-BB788BE4D917}.Release|x86.ActiveCfg = Release|x86
		{A458585D-5DF7-4E14-9344-BB788BE4D917}.Release|x86.Build.0 = Release|x86
		{1988DBBC-5D98-454E-8BE1-62A5E9194FA3}.Debug|Any CPU.ActiveCfg = Debug|Any CPU
		{1988DBBC-5D98-454E-8BE1-62A5E9194FA3}.Debug|Any CPU.Build.0 = Debug|Any CPU
		{1988DBBC-5D98-454E-8BE1-62A5E9194FA3}.Debug|ARM.ActiveCfg = Debug|Any CPU
		{1988DBBC-5D98-454E-8BE1-62A5E9194FA3}.Debug|ARM.Build.0 = Debug|Any CPU
		{1988DBBC-5D98-454E-8BE1-62A5E9194FA3}.Debug|x64.ActiveCfg = Debug|Any CPU
		{1988DBBC-5D98-454E-8BE1-62A5E9194FA3}.Debug|x64.Build.0 = Debug|Any CPU
		{1988DBBC-5D98-454E-8BE1-62A5E9194FA3}.Debug|x86.ActiveCfg = Debug|x86
		{1988DBBC-5D98-454E-8BE1-62A5E9194FA3}.Debug|x86.Build.0 = Debug|x86
		{1988DBBC-5D98-454E-8BE1-62A5E9194FA3}.Release|Any CPU.ActiveCfg = Release|Any CPU
		{1988DBBC-5D98-454E-8BE1-62A5E9194FA3}.Release|Any CPU.Build.0 = Release|Any CPU
		{1988DBBC-5D98-454E-8BE1-62A5E9194FA3}.Release|ARM.ActiveCfg = Release|Any CPU
		{1988DBBC-5D98-454E-8BE1-62A5E9194FA3}.Release|ARM.Build.0 = Release|Any CPU
		{1988DBBC-5D98-454E-8BE1-62A5E9194FA3}.Release|x64.ActiveCfg = Release|Any CPU
		{1988DBBC-5D98-454E-8BE1-62A5E9194FA3}.Release|x64.Build.0 = Release|Any CPU
		{1988DBBC-5D98-454E-8BE1-62A5E9194FA3}.Release|x86.ActiveCfg = Release|x86
		{1988DBBC-5D98-454E-8BE1-62A5E9194FA3}.Release|x86.Build.0 = Release|x86
		{7226CC91-2F48-4CBD-B63A-086E690EDB1F}.Debug|Any CPU.ActiveCfg = Debug|x64
		{7226CC91-2F48-4CBD-B63A-086E690EDB1F}.Debug|Any CPU.Build.0 = Debug|x64
		{7226CC91-2F48-4CBD-B63A-086E690EDB1F}.Debug|Any CPU.Deploy.0 = Debug|x64
		{7226CC91-2F48-4CBD-B63A-086E690EDB1F}.Debug|ARM.ActiveCfg = Debug|ARM
		{7226CC91-2F48-4CBD-B63A-086E690EDB1F}.Debug|ARM.Build.0 = Debug|ARM
		{7226CC91-2F48-4CBD-B63A-086E690EDB1F}.Debug|ARM.Deploy.0 = Debug|ARM
		{7226CC91-2F48-4CBD-B63A-086E690EDB1F}.Debug|x64.ActiveCfg = Debug|x64
		{7226CC91-2F48-4CBD-B63A-086E690EDB1F}.Debug|x64.Build.0 = Debug|x64
		{7226CC91-2F48-4CBD-B63A-086E690EDB1F}.Debug|x64.Deploy.0 = Debug|x64
		{7226CC91-2F48-4CBD-B63A-086E690EDB1F}.Debug|x86.ActiveCfg = Debug|x86
		{7226CC91-2F48-4CBD-B63A-086E690EDB1F}.Debug|x86.Build.0 = Debug|x86
		{7226CC91-2F48-4CBD-B63A-086E690EDB1F}.Debug|x86.Deploy.0 = Debug|x86
		{7226CC91-2F48-4CBD-B63A-086E690EDB1F}.Release|Any CPU.ActiveCfg = Release|x86
		{7226CC91-2F48-4CBD-B63A-086E690EDB1F}.Release|ARM.ActiveCfg = Release|ARM
		{7226CC91-2F48-4CBD-B63A-086E690EDB1F}.Release|ARM.Build.0 = Release|ARM
		{7226CC91-2F48-4CBD-B63A-086E690EDB1F}.Release|ARM.Deploy.0 = Release|ARM
		{7226CC91-2F48-4CBD-B63A-086E690EDB1F}.Release|x64.ActiveCfg = Release|x64
		{7226CC91-2F48-4CBD-B63A-086E690EDB1F}.Release|x64.Build.0 = Release|x64
		{7226CC91-2F48-4CBD-B63A-086E690EDB1F}.Release|x64.Deploy.0 = Release|x64
		{7226CC91-2F48-4CBD-B63A-086E690EDB1F}.Release|x86.ActiveCfg = Release|x86
		{7226CC91-2F48-4CBD-B63A-086E690EDB1F}.Release|x86.Build.0 = Release|x86
		{7226CC91-2F48-4CBD-B63A-086E690EDB1F}.Release|x86.Deploy.0 = Release|x86
		{BAE172B2-2556-46EC-8C08-BF4A2C6EBC3D}.Debug|Any CPU.ActiveCfg = Debug|Any CPU
		{BAE172B2-2556-46EC-8C08-BF4A2C6EBC3D}.Debug|Any CPU.Build.0 = Debug|Any CPU
		{BAE172B2-2556-46EC-8C08-BF4A2C6EBC3D}.Debug|ARM.ActiveCfg = Debug|Any CPU
		{BAE172B2-2556-46EC-8C08-BF4A2C6EBC3D}.Debug|ARM.Build.0 = Debug|Any CPU
		{BAE172B2-2556-46EC-8C08-BF4A2C6EBC3D}.Debug|x64.ActiveCfg = Debug|Any CPU
		{BAE172B2-2556-46EC-8C08-BF4A2C6EBC3D}.Debug|x64.Build.0 = Debug|Any CPU
		{BAE172B2-2556-46EC-8C08-BF4A2C6EBC3D}.Debug|x86.ActiveCfg = Debug|x86
		{BAE172B2-2556-46EC-8C08-BF4A2C6EBC3D}.Debug|x86.Build.0 = Debug|x86
		{BAE172B2-2556-46EC-8C08-BF4A2C6EBC3D}.Release|Any CPU.ActiveCfg = Release|Any CPU
		{BAE172B2-2556-46EC-8C08-BF4A2C6EBC3D}.Release|Any CPU.Build.0 = Release|Any CPU
		{BAE172B2-2556-46EC-8C08-BF4A2C6EBC3D}.Release|ARM.ActiveCfg = Release|Any CPU
		{BAE172B2-2556-46EC-8C08-BF4A2C6EBC3D}.Release|ARM.Build.0 = Release|Any CPU
		{BAE172B2-2556-46EC-8C08-BF4A2C6EBC3D}.Release|x64.ActiveCfg = Release|Any CPU
		{BAE172B2-2556-46EC-8C08-BF4A2C6EBC3D}.Release|x64.Build.0 = Release|Any CPU
		{BAE172B2-2556-46EC-8C08-BF4A2C6EBC3D}.Release|x86.ActiveCfg = Release|x86
		{BAE172B2-2556-46EC-8C08-BF4A2C6EBC3D}.Release|x86.Build.0 = Release|x86
		{DDE7E649-F341-4D2D-8F54-21F0CCDF3FB2}.Debug|Any CPU.ActiveCfg = Debug|Any CPU
		{DDE7E649-F341-4D2D-8F54-21F0CCDF3FB2}.Debug|Any CPU.Build.0 = Debug|Any CPU
		{DDE7E649-F341-4D2D-8F54-21F0CCDF3FB2}.Debug|ARM.ActiveCfg = Debug|Any CPU
		{DDE7E649-F341-4D2D-8F54-21F0CCDF3FB2}.Debug|ARM.Build.0 = Debug|Any CPU
		{DDE7E649-F341-4D2D-8F54-21F0CCDF3FB2}.Debug|x64.ActiveCfg = Debug|Any CPU
		{DDE7E649-F341-4D2D-8F54-21F0CCDF3FB2}.Debug|x64.Build.0 = Debug|Any CPU
		{DDE7E649-F341-4D2D-8F54-21F0CCDF3FB2}.Debug|x86.ActiveCfg = Debug|Any CPU
		{DDE7E649-F341-4D2D-8F54-21F0CCDF3FB2}.Debug|x86.Build.0 = Debug|Any CPU
		{DDE7E649-F341-4D2D-8F54-21F0CCDF3FB2}.Release|Any CPU.ActiveCfg = Release|Any CPU
		{DDE7E649-F341-4D2D-8F54-21F0CCDF3FB2}.Release|Any CPU.Build.0 = Release|Any CPU
		{DDE7E649-F341-4D2D-8F54-21F0CCDF3FB2}.Release|ARM.ActiveCfg = Release|Any CPU
		{DDE7E649-F341-4D2D-8F54-21F0CCDF3FB2}.Release|ARM.Build.0 = Release|Any CPU
		{DDE7E649-F341-4D2D-8F54-21F0CCDF3FB2}.Release|x64.ActiveCfg = Release|Any CPU
		{DDE7E649-F341-4D2D-8F54-21F0CCDF3FB2}.Release|x64.Build.0 = Release|Any CPU
		{DDE7E649-F341-4D2D-8F54-21F0CCDF3FB2}.Release|x86.ActiveCfg = Release|Any CPU
		{DDE7E649-F341-4D2D-8F54-21F0CCDF3FB2}.Release|x86.Build.0 = Release|Any CPU
		{0F7A008C-D684-41FB-9AD9-3E8B70EF7764}.Debug|Any CPU.ActiveCfg = Debug|Any CPU
		{0F7A008C-D684-41FB-9AD9-3E8B70EF7764}.Debug|Any CPU.Build.0 = Debug|Any CPU
		{0F7A008C-D684-41FB-9AD9-3E8B70EF7764}.Debug|ARM.ActiveCfg = Debug|Any CPU
		{0F7A008C-D684-41FB-9AD9-3E8B70EF7764}.Debug|ARM.Build.0 = Debug|Any CPU
		{0F7A008C-D684-41FB-9AD9-3E8B70EF7764}.Debug|x64.ActiveCfg = Debug|Any CPU
		{0F7A008C-D684-41FB-9AD9-3E8B70EF7764}.Debug|x64.Build.0 = Debug|Any CPU
		{0F7A008C-D684-41FB-9AD9-3E8B70EF7764}.Debug|x86.ActiveCfg = Debug|Any CPU
		{0F7A008C-D684-41FB-9AD9-3E8B70EF7764}.Debug|x86.Build.0 = Debug|Any CPU
		{0F7A008C-D684-41FB-9AD9-3E8B70EF7764}.Release|Any CPU.ActiveCfg = Release|Any CPU
		{0F7A008C-D684-41FB-9AD9-3E8B70EF7764}.Release|Any CPU.Build.0 = Release|Any CPU
		{0F7A008C-D684-41FB-9AD9-3E8B70EF7764}.Release|ARM.ActiveCfg = Release|Any CPU
		{0F7A008C-D684-41FB-9AD9-3E8B70EF7764}.Release|ARM.Build.0 = Release|Any CPU
		{0F7A008C-D684-41FB-9AD9-3E8B70EF7764}.Release|x64.ActiveCfg = Release|Any CPU
		{0F7A008C-D684-41FB-9AD9-3E8B70EF7764}.Release|x64.Build.0 = Release|Any CPU
		{0F7A008C-D684-41FB-9AD9-3E8B70EF7764}.Release|x86.ActiveCfg = Release|Any CPU
		{0F7A008C-D684-41FB-9AD9-3E8B70EF7764}.Release|x86.Build.0 = Release|Any CPU
	EndGlobalSection
	GlobalSection(SolutionProperties) = preSolution
		HideSolutionNode = FALSE
	EndGlobalSection
	GlobalSection(NestedProjects) = preSolution
		{67F8BCA3-8438-4E91-9DEA-4189C1776E26} = {146881C7-18C8-44BB-A198-8407E8976809}
		{92C8A98F-FC99-4301-BCB8-90CDB74B49CF} = {0CFFB997-A46C-4297-BBE0-87ED162CF072}
		{20B36121-B027-4BAC-BBF5-93E75380E6F7} = {0CFFB997-A46C-4297-BBE0-87ED162CF072}
		{39845115-F057-4641-9237-6960BB676684} = {146881C7-18C8-44BB-A198-8407E8976809}
		{2AAE5839-DB41-429B-B7C4-B872506736C7} = {146881C7-18C8-44BB-A198-8407E8976809}
		{E44275C2-9E62-42BE-B984-127F82C1766F} = {146881C7-18C8-44BB-A198-8407E8976809}
		{8680E50C-DF34-424D-9B41-E9E2D2304609} = {D6DAE328-9BCE-4272-80AE-083A3A3A0FFB}
		{3EC1DBF5-B87F-4807-96CF-5E68801C3629} = {D6DAE328-9BCE-4272-80AE-083A3A3A0FFB}
		{200FE333-4D98-4F76-A8D6-E7C94A272FF2} = {146881C7-18C8-44BB-A198-8407E8976809}
		{714E49CE-799E-4793-ADCC-542BFD83EAD8} = {EA66AB2F-77AC-4C11-95E2-45B8EC09D4EC}
		{394C2EC6-8505-405E-98DB-5403BE8E1145} = {60524FD1-63BB-422C-90B4-F22C792619F5}
		{ED5F12DF-C45A-4D94-941D-93D6C910A888} = {D6DAE328-9BCE-4272-80AE-083A3A3A0FFB}
		{56A5B821-42E7-46E2-B1EC-A843A576BD98} = {D6DAE328-9BCE-4272-80AE-083A3A3A0FFB}
		{4350A383-14F7-4A84-8CDF-96CA6828F8E9} = {146881C7-18C8-44BB-A198-8407E8976809}
		{DD8EA307-D685-4A7B-B726-A1C87192600D} = {146881C7-18C8-44BB-A198-8407E8976809}
		{335399D1-B533-42D2-AEA5-F398F35D8E66} = {146881C7-18C8-44BB-A198-8407E8976809}
		{F2A1929F-7253-4EA0-8368-88EA22BB4915} = {146881C7-18C8-44BB-A198-8407E8976809}
		{DE772364-F233-40E8-BA39-519D42C20686} = {146881C7-18C8-44BB-A198-8407E8976809}
		{5E01C76D-A969-4238-8D8C-1CB22C92DA7A} = {146881C7-18C8-44BB-A198-8407E8976809}
		{D6DAE328-9BCE-4272-80AE-083A3A3A0FFB} = {64CBC774-44CF-426A-9BBA-55A40B82B295}
		{5E939A01-A1CD-4D1C-83AB-3A79AF6DA972} = {64CBC774-44CF-426A-9BBA-55A40B82B295}
		{A458585D-5DF7-4E14-9344-BB788BE4D917} = {146881C7-18C8-44BB-A198-8407E8976809}
		{1988DBBC-5D98-454E-8BE1-62A5E9194FA3} = {5E939A01-A1CD-4D1C-83AB-3A79AF6DA972}
		{7226CC91-2F48-4CBD-B63A-086E690EDB1F} = {5E939A01-A1CD-4D1C-83AB-3A79AF6DA972}
		{BAE172B2-2556-46EC-8C08-BF4A2C6EBC3D} = {5E939A01-A1CD-4D1C-83AB-3A79AF6DA972}
		{60524FD1-63BB-422C-90B4-F22C792619F5} = {64CBC774-44CF-426A-9BBA-55A40B82B295}
		{DDE7E649-F341-4D2D-8F54-21F0CCDF3FB2} = {146881C7-18C8-44BB-A198-8407E8976809}
		{0F7A008C-D684-41FB-9AD9-3E8B70EF7764} = {EA66AB2F-77AC-4C11-95E2-45B8EC09D4EC}
	EndGlobalSection
EndGlobal
